
Microsoft Visual Studio Solution File, Format Version 10.00
# Visual Studio 2008
Project("{8BC9CEB8-8B4A-11D0-8D11-00A0C91BC942}") = "NTServiceLib", "SNTLib\NTServiceLib.vcproj", "{F77003CC-32EB-45C5-9326-D0DC3A9D4A7C}"
	ProjectSection(ProjectDependencies) = postProject
		{0D6DF746-0C48-42C0-9BB4-1D251895EE5D} = {0D6DF746-0C48-42C0-9BB4-1D251895EE5D}
		{F3DF6D79-9340-4233-AFAD-BD9E023E5C25} = {F3DF6D79-9340-4233-AFAD-BD9E023E5C25}
	EndProjectSection
EndProject
Project("{8BC9CEB8-8B4A-11D0-8D11-00A0C91BC942}") = "Server", "Server\Server.vcproj", "{C85CB4EF-47F0-493B-A043-528A61C61B31}"
	ProjectSection(ProjectDependencies) = postProject
		{8B63871C-23A2-49E4-8081-23703BD66E9A} = {8B63871C-23A2-49E4-8081-23703BD66E9A}
		{0D6DF746-0C48-42C0-9BB4-1D251895EE5D} = {0D6DF746-0C48-42C0-9BB4-1D251895EE5D}
		{F3DF6D79-9340-4233-AFAD-BD9E023E5C25} = {F3DF6D79-9340-4233-AFAD-BD9E023E5C25}
		{CA6F9789-7AE9-4753-B93F-C5B77B343602} = {CA6F9789-7AE9-4753-B93F-C5B77B343602}
		{F77003CC-32EB-45C5-9326-D0DC3A9D4A7C} = {F77003CC-32EB-45C5-9326-D0DC3A9D4A7C}
		{D1CB1DFF-459B-4E5C-BF2C-D3F94C2ACBF7} = {D1CB1DFF-459B-4E5C-BF2C-D3F94C2ACBF7}
	EndProjectSection
EndProject
Project("{8BC9CEB8-8B4A-11D0-8D11-00A0C91BC942}") = "coressh", "coressh\coressh.vcproj", "{CA6F9789-7AE9-4753-B93F-C5B77B343602}"
	ProjectSection(ProjectDependencies) = postProject
		{8B63871C-23A2-49E4-8081-23703BD66E9A} = {8B63871C-23A2-49E4-8081-23703BD66E9A}
		{0D6DF746-0C48-42C0-9BB4-1D251895EE5D} = {0D6DF746-0C48-42C0-9BB4-1D251895EE5D}
		{F3DF6D79-9340-4233-AFAD-BD9E023E5C25} = {F3DF6D79-9340-4233-AFAD-BD9E023E5C25}
		{D1CB1DFF-459B-4E5C-BF2C-D3F94C2ACBF7} = {D1CB1DFF-459B-4E5C-BF2C-D3F94C2ACBF7}
	EndProjectSection
EndProject
Project("{8BC9CEB8-8B4A-11D0-8D11-00A0C91BC942}") = "zlib", "zlib\projects\visualc9\zlib.vcproj", "{D1CB1DFF-459B-4E5C-BF2C-D3F94C2ACBF7}"
EndProject
Project("{8BC9CEB8-8B4A-11D0-8D11-00A0C91BC942}") = "apr", "apache-log4cxx\target\apr.vcproj", "{662B678D-B7A3-41C7-886F-10C62E35633E}"
EndProject
Project("{8BC9CEB8-8B4A-11D0-8D11-00A0C91BC942}") = "aprutil", "apache-log4cxx\target\aprutil.vcproj", "{AFC2E3F3-54C1-4440-AD9E-52B5799FA89A}"
EndProject
Project("{8BC9CEB8-8B4A-11D0-8D11-00A0C91BC942}") = "log4cxx", "apache-log4cxx\target\log4cxx.vcproj", "{0D6DF746-0C48-42C0-9BB4-1D251895EE5D}"
	ProjectSection(ProjectDependencies) = postProject
		{662B678D-B7A3-41C7-886F-10C62E35633E} = {662B678D-B7A3-41C7-886F-10C62E35633E}
		{AFC2E3F3-54C1-4440-AD9E-52B5799FA89A} = {AFC2E3F3-54C1-4440-AD9E-52B5799FA89A}
	EndProjectSection
EndProject
Project("{8BC9CEB8-8B4A-11D0-8D11-00A0C91BC942}") = "coressh_ut", "coressh_ut\coressh_ut.vcproj", "{3FCA2B3B-237F-4A22-ABA5-D445212C48D8}"
EndProject
Project("{2150E333-8FDC-42A3-9474-1A3956D46DE8}") = "Solution Items", "Solution Items", "{4106A9B3-C662-4223-A796-27938ED6DF18}"
	ProjectSection(SolutionItems) = preProject
		CoreSSH.vsmdi = CoreSSH.vsmdi
		LocalTestRun.testrunconfig = LocalTestRun.testrunconfig
	EndProjectSection
EndProject
Project("{8BC9CEB8-8B4A-11D0-8D11-00A0C91BC942}") = "test_cmd", "test_cmd\test_cmd.vcproj", "{1458EE2F-3971-4860-8A4F-575B19879B23}"
EndProject
Project("{8BC9CEB8-8B4A-11D0-8D11-00A0C91BC942}") = "ConsoleTest", "ConsoleTest\ConsoleTest.vcproj", "{0DDFEA5A-F040-470F-A078-F0872425F0D8}"
EndProject
Project("{8BC9CEB8-8B4A-11D0-8D11-00A0C91BC942}") = "utio", "utio\utio.vcproj", "{8B63871C-23A2-49E4-8081-23703BD66E9A}"
EndProject
Project("{8BC9CEB8-8B4A-11D0-8D11-00A0C91BC942}") = "Concurrenc++", "Concurrenc++\Concurrenc++.vcproj", "{F3DF6D79-9340-4233-AFAD-BD9E023E5C25}"
EndProject
Global
	GlobalSection(SolutionConfigurationPlatforms) = preSolution
		Debug|Pocket PC 2003 (ARMV4) = Debug|Pocket PC 2003 (ARMV4)
		Debug|Win32 = Debug|Win32
		Debug|x64 = Debug|x64
		Debug64|Pocket PC 2003 (ARMV4) = Debug64|Pocket PC 2003 (ARMV4)
		Debug64|Win32 = Debug64|Win32
		Debug64|x64 = Debug64|x64
		DLL ASM Debug|Pocket PC 2003 (ARMV4) = DLL ASM Debug|Pocket PC 2003 (ARMV4)
		DLL ASM Debug|Win32 = DLL ASM Debug|Win32
		DLL ASM Debug|x64 = DLL ASM Debug|x64
		DLL ASM Release|Pocket PC 2003 (ARMV4) = DLL ASM Release|Pocket PC 2003 (ARMV4)
		DLL ASM Release|Win32 = DLL ASM Release|Win32
		DLL ASM Release|x64 = DLL ASM Release|x64
		DLL Debug|Pocket PC 2003 (ARMV4) = DLL Debug|Pocket PC 2003 (ARMV4)
		DLL Debug|Win32 = DLL Debug|Win32
		DLL Debug|x64 = DLL Debug|x64
		DLL Release|Pocket PC 2003 (ARMV4) = DLL Release|Pocket PC 2003 (ARMV4)
		DLL Release|Win32 = DLL Release|Win32
		DLL Release|x64 = DLL Release|x64
		LIB ASM Debug|Pocket PC 2003 (ARMV4) = LIB ASM Debug|Pocket PC 2003 (ARMV4)
		LIB ASM Debug|Win32 = LIB ASM Debug|Win32
		LIB ASM Debug|x64 = LIB ASM Debug|x64
		LIB ASM Release|Pocket PC 2003 (ARMV4) = LIB ASM Release|Pocket PC 2003 (ARMV4)
		LIB ASM Release|Win32 = LIB ASM Release|Win32
		LIB ASM Release|x64 = LIB ASM Release|x64
		LIB Debug|Pocket PC 2003 (ARMV4) = LIB Debug|Pocket PC 2003 (ARMV4)
		LIB Debug|Win32 = LIB Debug|Win32
		LIB Debug|x64 = LIB Debug|x64
		LIB Release|Pocket PC 2003 (ARMV4) = LIB Release|Pocket PC 2003 (ARMV4)
		LIB Release|Win32 = LIB Release|Win32
		LIB Release|x64 = LIB Release|x64
		MinSizeRel|Pocket PC 2003 (ARMV4) = MinSizeRel|Pocket PC 2003 (ARMV4)
		MinSizeRel|Win32 = MinSizeRel|Win32
		MinSizeRel|x64 = MinSizeRel|x64
		Presentation|Pocket PC 2003 (ARMV4) = Presentation|Pocket PC 2003 (ARMV4)
		Presentation|Win32 = Presentation|Win32
		Presentation|x64 = Presentation|x64
		Release|Pocket PC 2003 (ARMV4) = Release|Pocket PC 2003 (ARMV4)
		Release|Win32 = Release|Win32
		Release|x64 = Release|x64
		ReleaseDbg|Pocket PC 2003 (ARMV4) = ReleaseDbg|Pocket PC 2003 (ARMV4)
		ReleaseDbg|Win32 = ReleaseDbg|Win32
		ReleaseDbg|x64 = ReleaseDbg|x64
		RelWithDebInfo|Pocket PC 2003 (ARMV4) = RelWithDebInfo|Pocket PC 2003 (ARMV4)
		RelWithDebInfo|Win32 = RelWithDebInfo|Win32
		RelWithDebInfo|x64 = RelWithDebInfo|x64
	EndGlobalSection
	GlobalSection(ProjectConfigurationPlatforms) = postSolution
		{F77003CC-32EB-45C5-9326-D0DC3A9D4A7C}.Debug|Pocket PC 2003 (ARMV4).ActiveCfg = Debug|Pocket PC 2003 (ARMV4)
		{F77003CC-32EB-45C5-9326-D0DC3A9D4A7C}.Debug|Pocket PC 2003 (ARMV4).Build.0 = Debug|Pocket PC 2003 (ARMV4)
		{F77003CC-32EB-45C5-9326-D0DC3A9D4A7C}.Debug|Pocket PC 2003 (ARMV4).Deploy.0 = Debug|Pocket PC 2003 (ARMV4)
		{F77003CC-32EB-45C5-9326-D0DC3A9D4A7C}.Debug|Win32.ActiveCfg = Debug|Win32
		{F77003CC-32EB-45C5-9326-D0DC3A9D4A7C}.Debug|Win32.Build.0 = Debug|Win32
		{F77003CC-32EB-45C5-9326-D0DC3A9D4A7C}.Debug|x64.ActiveCfg = Debug|x64
		{F77003CC-32EB-45C5-9326-D0DC3A9D4A7C}.Debug|x64.Build.0 = Debug|x64
		{F77003CC-32EB-45C5-9326-D0DC3A9D4A7C}.Debug64|Pocket PC 2003 (ARMV4).ActiveCfg = Debug64|Pocket PC 2003 (ARMV4)
		{F77003CC-32EB-45C5-9326-D0DC3A9D4A7C}.Debug64|Pocket PC 2003 (ARMV4).Build.0 = Debug64|Pocket PC 2003 (ARMV4)
		{F77003CC-32EB-45C5-9326-D0DC3A9D4A7C}.Debug64|Pocket PC 2003 (ARMV4).Deploy.0 = Debug64|Pocket PC 2003 (ARMV4)
		{F77003CC-32EB-45C5-9326-D0DC3A9D4A7C}.Debug64|Win32.ActiveCfg = Debug64|Win32
		{F77003CC-32EB-45C5-9326-D0DC3A9D4A7C}.Debug64|x64.ActiveCfg = Debug64|Pocket PC 2003 (ARMV4)
		{F77003CC-32EB-45C5-9326-D0DC3A9D4A7C}.DLL ASM Debug|Pocket PC 2003 (ARMV4).ActiveCfg = Debug|Pocket PC 2003 (ARMV4)
		{F77003CC-32EB-45C5-9326-D0DC3A9D4A7C}.DLL ASM Debug|Pocket PC 2003 (ARMV4).Build.0 = Debug|Pocket PC 2003 (ARMV4)
		{F77003CC-32EB-45C5-9326-D0DC3A9D4A7C}.DLL ASM Debug|Pocket PC 2003 (ARMV4).Deploy.0 = Debug|Pocket PC 2003 (ARMV4)
		{F77003CC-32EB-45C5-9326-D0DC3A9D4A7C}.DLL ASM Debug|Win32.ActiveCfg = Debug|Win32
		{F77003CC-32EB-45C5-9326-D0DC3A9D4A7C}.DLL ASM Debug|Win32.Build.0 = Debug|Win32
		{F77003CC-32EB-45C5-9326-D0DC3A9D4A7C}.DLL ASM Debug|x64.ActiveCfg = Debug|Pocket PC 2003 (ARMV4)
		{F77003CC-32EB-45C5-9326-D0DC3A9D4A7C}.DLL ASM Release|Pocket PC 2003 (ARMV4).ActiveCfg = Release|Pocket PC 2003 (ARMV4)
		{F77003CC-32EB-45C5-9326-D0DC3A9D4A7C}.DLL ASM Release|Pocket PC 2003 (ARMV4).Build.0 = Release|Pocket PC 2003 (ARMV4)
		{F77003CC-32EB-45C5-9326-D0DC3A9D4A7C}.DLL ASM Release|Pocket PC 2003 (ARMV4).Deploy.0 = Release|Pocket PC 2003 (ARMV4)
		{F77003CC-32EB-45C5-9326-D0DC3A9D4A7C}.DLL ASM Release|Win32.ActiveCfg = Release|Win32
		{F77003CC-32EB-45C5-9326-D0DC3A9D4A7C}.DLL ASM Release|Win32.Build.0 = Release|Win32
		{F77003CC-32EB-45C5-9326-D0DC3A9D4A7C}.DLL ASM Release|x64.ActiveCfg = Release|Pocket PC 2003 (ARMV4)
		{F77003CC-32EB-45C5-9326-D0DC3A9D4A7C}.DLL Debug|Pocket PC 2003 (ARMV4).ActiveCfg = Debug|Pocket PC 2003 (ARMV4)
		{F77003CC-32EB-45C5-9326-D0DC3A9D4A7C}.DLL Debug|Pocket PC 2003 (ARMV4).Build.0 = Debug|Pocket PC 2003 (ARMV4)
		{F77003CC-32EB-45C5-9326-D0DC3A9D4A7C}.DLL Debug|Pocket PC 2003 (ARMV4).Deploy.0 = Debug|Pocket PC 2003 (ARMV4)
		{F77003CC-32EB-45C5-9326-D0DC3A9D4A7C}.DLL Debug|Win32.ActiveCfg = Debug|Win32
		{F77003CC-32EB-45C5-9326-D0DC3A9D4A7C}.DLL Debug|Win32.Build.0 = Debug|Win32
		{F77003CC-32EB-45C5-9326-D0DC3A9D4A7C}.DLL Debug|x64.ActiveCfg = Debug|Pocket PC 2003 (ARMV4)
		{F77003CC-32EB-45C5-9326-D0DC3A9D4A7C}.DLL Release|Pocket PC 2003 (ARMV4).ActiveCfg = Release|Pocket PC 2003 (ARMV4)
		{F77003CC-32EB-45C5-9326-D0DC3A9D4A7C}.DLL Release|Pocket PC 2003 (ARMV4).Build.0 = Release|Pocket PC 2003 (ARMV4)
		{F77003CC-32EB-45C5-9326-D0DC3A9D4A7C}.DLL Release|Pocket PC 2003 (ARMV4).Deploy.0 = Release|Pocket PC 2003 (ARMV4)
		{F77003CC-32EB-45C5-9326-D0DC3A9D4A7C}.DLL Release|Win32.ActiveCfg = Release|Win32
		{F77003CC-32EB-45C5-9326-D0DC3A9D4A7C}.DLL Release|Win32.Build.0 = Release|Win32
		{F77003CC-32EB-45C5-9326-D0DC3A9D4A7C}.DLL Release|x64.ActiveCfg = Release|Pocket PC 2003 (ARMV4)
		{F77003CC-32EB-45C5-9326-D0DC3A9D4A7C}.LIB ASM Debug|Pocket PC 2003 (ARMV4).ActiveCfg = Debug|Pocket PC 2003 (ARMV4)
		{F77003CC-32EB-45C5-9326-D0DC3A9D4A7C}.LIB ASM Debug|Pocket PC 2003 (ARMV4).Build.0 = Debug|Pocket PC 2003 (ARMV4)
		{F77003CC-32EB-45C5-9326-D0DC3A9D4A7C}.LIB ASM Debug|Pocket PC 2003 (ARMV4).Deploy.0 = Debug|Pocket PC 2003 (ARMV4)
		{F77003CC-32EB-45C5-9326-D0DC3A9D4A7C}.LIB ASM Debug|Win32.ActiveCfg = Debug|Win32
		{F77003CC-32EB-45C5-9326-D0DC3A9D4A7C}.LIB ASM Debug|Win32.Build.0 = Debug|Win32
		{F77003CC-32EB-45C5-9326-D0DC3A9D4A7C}.LIB ASM Debug|x64.ActiveCfg = Debug|Pocket PC 2003 (ARMV4)
		{F77003CC-32EB-45C5-9326-D0DC3A9D4A7C}.LIB ASM Release|Pocket PC 2003 (ARMV4).ActiveCfg = Release|Pocket PC 2003 (ARMV4)
		{F77003CC-32EB-45C5-9326-D0DC3A9D4A7C}.LIB ASM Release|Pocket PC 2003 (ARMV4).Build.0 = Release|Pocket PC 2003 (ARMV4)
		{F77003CC-32EB-45C5-9326-D0DC3A9D4A7C}.LIB ASM Release|Pocket PC 2003 (ARMV4).Deploy.0 = Release|Pocket PC 2003 (ARMV4)
		{F77003CC-32EB-45C5-9326-D0DC3A9D4A7C}.LIB ASM Release|Win32.ActiveCfg = Release|Win32
		{F77003CC-32EB-45C5-9326-D0DC3A9D4A7C}.LIB ASM Release|Win32.Build.0 = Release|Win32
		{F77003CC-32EB-45C5-9326-D0DC3A9D4A7C}.LIB ASM Release|x64.ActiveCfg = Release|Pocket PC 2003 (ARMV4)
		{F77003CC-32EB-45C5-9326-D0DC3A9D4A7C}.LIB Debug|Pocket PC 2003 (ARMV4).ActiveCfg = Debug|Pocket PC 2003 (ARMV4)
		{F77003CC-32EB-45C5-9326-D0DC3A9D4A7C}.LIB Debug|Pocket PC 2003 (ARMV4).Build.0 = Debug|Pocket PC 2003 (ARMV4)
		{F77003CC-32EB-45C5-9326-D0DC3A9D4A7C}.LIB Debug|Pocket PC 2003 (ARMV4).Deploy.0 = Debug|Pocket PC 2003 (ARMV4)
		{F77003CC-32EB-45C5-9326-D0DC3A9D4A7C}.LIB Debug|Win32.ActiveCfg = Debug|Win32
		{F77003CC-32EB-45C5-9326-D0DC3A9D4A7C}.LIB Debug|Win32.Build.0 = Debug|Win32
		{F77003CC-32EB-45C5-9326-D0DC3A9D4A7C}.LIB Debug|x64.ActiveCfg = Debug|Pocket PC 2003 (ARMV4)
		{F77003CC-32EB-45C5-9326-D0DC3A9D4A7C}.LIB Release|Pocket PC 2003 (ARMV4).ActiveCfg = Release|Pocket PC 2003 (ARMV4)
		{F77003CC-32EB-45C5-9326-D0DC3A9D4A7C}.LIB Release|Pocket PC 2003 (ARMV4).Build.0 = Release|Pocket PC 2003 (ARMV4)
		{F77003CC-32EB-45C5-9326-D0DC3A9D4A7C}.LIB Release|Pocket PC 2003 (ARMV4).Deploy.0 = Release|Pocket PC 2003 (ARMV4)
		{F77003CC-32EB-45C5-9326-D0DC3A9D4A7C}.LIB Release|Win32.ActiveCfg = Release|Win32
		{F77003CC-32EB-45C5-9326-D0DC3A9D4A7C}.LIB Release|Win32.Build.0 = Release|Win32
		{F77003CC-32EB-45C5-9326-D0DC3A9D4A7C}.LIB Release|x64.ActiveCfg = Release|Pocket PC 2003 (ARMV4)
		{F77003CC-32EB-45C5-9326-D0DC3A9D4A7C}.MinSizeRel|Pocket PC 2003 (ARMV4).ActiveCfg = ReleaseDbg|Pocket PC 2003 (ARMV4)
		{F77003CC-32EB-45C5-9326-D0DC3A9D4A7C}.MinSizeRel|Pocket PC 2003 (ARMV4).Build.0 = ReleaseDbg|Pocket PC 2003 (ARMV4)
		{F77003CC-32EB-45C5-9326-D0DC3A9D4A7C}.MinSizeRel|Pocket PC 2003 (ARMV4).Deploy.0 = ReleaseDbg|Pocket PC 2003 (ARMV4)
		{F77003CC-32EB-45C5-9326-D0DC3A9D4A7C}.MinSizeRel|Win32.ActiveCfg = ReleaseDbg|Pocket PC 2003 (ARMV4)
		{F77003CC-32EB-45C5-9326-D0DC3A9D4A7C}.MinSizeRel|x64.ActiveCfg = ReleaseDbg|Pocket PC 2003 (ARMV4)
		{F77003CC-32EB-45C5-9326-D0DC3A9D4A7C}.Presentation|Pocket PC 2003 (ARMV4).ActiveCfg = Presentation|Pocket PC 2003 (ARMV4)
		{F77003CC-32EB-45C5-9326-D0DC3A9D4A7C}.Presentation|Pocket PC 2003 (ARMV4).Build.0 = Presentation|Pocket PC 2003 (ARMV4)
		{F77003CC-32EB-45C5-9326-D0DC3A9D4A7C}.Presentation|Pocket PC 2003 (ARMV4).Deploy.0 = Presentation|Pocket PC 2003 (ARMV4)
		{F77003CC-32EB-45C5-9326-D0DC3A9D4A7C}.Presentation|Win32.ActiveCfg = Presentation|Win32
		{F77003CC-32EB-45C5-9326-D0DC3A9D4A7C}.Presentation|Win32.Build.0 = Presentation|Win32
		{F77003CC-32EB-45C5-9326-D0DC3A9D4A7C}.Presentation|x64.ActiveCfg = Presentation|Pocket PC 2003 (ARMV4)
		{F77003CC-32EB-45C5-9326-D0DC3A9D4A7C}.Release|Pocket PC 2003 (ARMV4).ActiveCfg = Release|Pocket PC 2003 (ARMV4)
		{F77003CC-32EB-45C5-9326-D0DC3A9D4A7C}.Release|Pocket PC 2003 (ARMV4).Build.0 = Release|Pocket PC 2003 (ARMV4)
		{F77003CC-32EB-45C5-9326-D0DC3A9D4A7C}.Release|Pocket PC 2003 (ARMV4).Deploy.0 = Release|Pocket PC 2003 (ARMV4)
		{F77003CC-32EB-45C5-9326-D0DC3A9D4A7C}.Release|Win32.ActiveCfg = Release|Win32
		{F77003CC-32EB-45C5-9326-D0DC3A9D4A7C}.Release|Win32.Build.0 = Release|Win32
		{F77003CC-32EB-45C5-9326-D0DC3A9D4A7C}.Release|x64.ActiveCfg = Release|x64
		{F77003CC-32EB-45C5-9326-D0DC3A9D4A7C}.Release|x64.Build.0 = Release|x64
		{F77003CC-32EB-45C5-9326-D0DC3A9D4A7C}.ReleaseDbg|Pocket PC 2003 (ARMV4).ActiveCfg = ReleaseDbg|Pocket PC 2003 (ARMV4)
		{F77003CC-32EB-45C5-9326-D0DC3A9D4A7C}.ReleaseDbg|Pocket PC 2003 (ARMV4).Build.0 = ReleaseDbg|Pocket PC 2003 (ARMV4)
		{F77003CC-32EB-45C5-9326-D0DC3A9D4A7C}.ReleaseDbg|Pocket PC 2003 (ARMV4).Deploy.0 = ReleaseDbg|Pocket PC 2003 (ARMV4)
		{F77003CC-32EB-45C5-9326-D0DC3A9D4A7C}.ReleaseDbg|Win32.ActiveCfg = ReleaseDbg|Win32
		{F77003CC-32EB-45C5-9326-D0DC3A9D4A7C}.ReleaseDbg|Win32.Build.0 = ReleaseDbg|Win32
		{F77003CC-32EB-45C5-9326-D0DC3A9D4A7C}.ReleaseDbg|x64.ActiveCfg = ReleaseDbg|Pocket PC 2003 (ARMV4)
		{F77003CC-32EB-45C5-9326-D0DC3A9D4A7C}.RelWithDebInfo|Pocket PC 2003 (ARMV4).ActiveCfg = ReleaseDbg|Pocket PC 2003 (ARMV4)
		{F77003CC-32EB-45C5-9326-D0DC3A9D4A7C}.RelWithDebInfo|Pocket PC 2003 (ARMV4).Build.0 = ReleaseDbg|Pocket PC 2003 (ARMV4)
		{F77003CC-32EB-45C5-9326-D0DC3A9D4A7C}.RelWithDebInfo|Pocket PC 2003 (ARMV4).Deploy.0 = ReleaseDbg|Pocket PC 2003 (ARMV4)
		{F77003CC-32EB-45C5-9326-D0DC3A9D4A7C}.RelWithDebInfo|Win32.ActiveCfg = ReleaseDbg|Pocket PC 2003 (ARMV4)
		{F77003CC-32EB-45C5-9326-D0DC3A9D4A7C}.RelWithDebInfo|x64.ActiveCfg = ReleaseDbg|Pocket PC 2003 (ARMV4)
		{C85CB4EF-47F0-493B-A043-528A61C61B31}.Debug|Pocket PC 2003 (ARMV4).ActiveCfg = Debug|Pocket PC 2003 (ARMV4)
		{C85CB4EF-47F0-493B-A043-528A61C61B31}.Debug|Pocket PC 2003 (ARMV4).Build.0 = Debug|Pocket PC 2003 (ARMV4)
		{C85CB4EF-47F0-493B-A043-528A61C61B31}.Debug|Pocket PC 2003 (ARMV4).Deploy.0 = Debug|Pocket PC 2003 (ARMV4)
		{C85CB4EF-47F0-493B-A043-528A61C61B31}.Debug|Win32.ActiveCfg = Debug|Win32
		{C85CB4EF-47F0-493B-A043-528A61C61B31}.Debug|Win32.Build.0 = Debug|Win32
		{C85CB4EF-47F0-493B-A043-528A61C61B31}.Debug|x64.ActiveCfg = Debug|Pocket PC 2003 (ARMV4)
		{C85CB4EF-47F0-493B-A043-528A61C61B31}.Debug64|Pocket PC 2003 (ARMV4).ActiveCfg = Debug64|Pocket PC 2003 (ARMV4)
		{C85CB4EF-47F0-493B-A043-528A61C61B31}.Debug64|Pocket PC 2003 (ARMV4).Build.0 = Debug64|Pocket PC 2003 (ARMV4)
		{C85CB4EF-47F0-493B-A043-528A61C61B31}.Debug64|Pocket PC 2003 (ARMV4).Deploy.0 = Debug64|Pocket PC 2003 (ARMV4)
		{C85CB4EF-47F0-493B-A043-528A61C61B31}.Debug64|Win32.ActiveCfg = Debug64|Win32
		{C85CB4EF-47F0-493B-A043-528A61C61B31}.Debug64|Win32.Build.0 = Debug64|Win32
		{C85CB4EF-47F0-493B-A043-528A61C61B31}.Debug64|x64.ActiveCfg = Debug64|Pocket PC 2003 (ARMV4)
		{C85CB4EF-47F0-493B-A043-528A61C61B31}.DLL ASM Debug|Pocket PC 2003 (ARMV4).ActiveCfg = Debug|Pocket PC 2003 (ARMV4)
		{C85CB4EF-47F0-493B-A043-528A61C61B31}.DLL ASM Debug|Pocket PC 2003 (ARMV4).Build.0 = Debug|Pocket PC 2003 (ARMV4)
		{C85CB4EF-47F0-493B-A043-528A61C61B31}.DLL ASM Debug|Pocket PC 2003 (ARMV4).Deploy.0 = Debug|Pocket PC 2003 (ARMV4)
		{C85CB4EF-47F0-493B-A043-528A61C61B31}.DLL ASM Debug|Win32.ActiveCfg = Debug|Win32
		{C85CB4EF-47F0-493B-A043-528A61C61B31}.DLL ASM Debug|Win32.Build.0 = Debug|Win32
		{C85CB4EF-47F0-493B-A043-528A61C61B31}.DLL ASM Debug|x64.ActiveCfg = Debug|Pocket PC 2003 (ARMV4)
		{C85CB4EF-47F0-493B-A043-528A61C61B31}.DLL ASM Release|Pocket PC 2003 (ARMV4).ActiveCfg = Release|Pocket PC 2003 (ARMV4)
		{C85CB4EF-47F0-493B-A043-528A61C61B31}.DLL ASM Release|Pocket PC 2003 (ARMV4).Build.0 = Release|Pocket PC 2003 (ARMV4)
		{C85CB4EF-47F0-493B-A043-528A61C61B31}.DLL ASM Release|Pocket PC 2003 (ARMV4).Deploy.0 = Release|Pocket PC 2003 (ARMV4)
		{C85CB4EF-47F0-493B-A043-528A61C61B31}.DLL ASM Release|Win32.ActiveCfg = Release|Win32
		{C85CB4EF-47F0-493B-A043-528A61C61B31}.DLL ASM Release|Win32.Build.0 = Release|Win32
		{C85CB4EF-47F0-493B-A043-528A61C61B31}.DLL ASM Release|x64.ActiveCfg = Release|Pocket PC 2003 (ARMV4)
		{C85CB4EF-47F0-493B-A043-528A61C61B31}.DLL Debug|Pocket PC 2003 (ARMV4).ActiveCfg = Debug|Pocket PC 2003 (ARMV4)
		{C85CB4EF-47F0-493B-A043-528A61C61B31}.DLL Debug|Pocket PC 2003 (ARMV4).Build.0 = Debug|Pocket PC 2003 (ARMV4)
		{C85CB4EF-47F0-493B-A043-528A61C61B31}.DLL Debug|Pocket PC 2003 (ARMV4).Deploy.0 = Debug|Pocket PC 2003 (ARMV4)
		{C85CB4EF-47F0-493B-A043-528A61C61B31}.DLL Debug|Win32.ActiveCfg = Debug|Win32
		{C85CB4EF-47F0-493B-A043-528A61C61B31}.DLL Debug|Win32.Build.0 = Debug|Win32
		{C85CB4EF-47F0-493B-A043-528A61C61B31}.DLL Debug|x64.ActiveCfg = Debug|Pocket PC 2003 (ARMV4)
		{C85CB4EF-47F0-493B-A043-528A61C61B31}.DLL Release|Pocket PC 2003 (ARMV4).ActiveCfg = Release|Pocket PC 2003 (ARMV4)
		{C85CB4EF-47F0-493B-A043-528A61C61B31}.DLL Release|Pocket PC 2003 (ARMV4).Build.0 = Release|Pocket PC 2003 (ARMV4)
		{C85CB4EF-47F0-493B-A043-528A61C61B31}.DLL Release|Pocket PC 2003 (ARMV4).Deploy.0 = Release|Pocket PC 2003 (ARMV4)
		{C85CB4EF-47F0-493B-A043-528A61C61B31}.DLL Release|Win32.ActiveCfg = Release|Win32
		{C85CB4EF-47F0-493B-A043-528A61C61B31}.DLL Release|Win32.Build.0 = Release|Win32
		{C85CB4EF-47F0-493B-A043-528A61C61B31}.DLL Release|x64.ActiveCfg = Release|Pocket PC 2003 (ARMV4)
		{C85CB4EF-47F0-493B-A043-528A61C61B31}.LIB ASM Debug|Pocket PC 2003 (ARMV4).ActiveCfg = Debug|Pocket PC 2003 (ARMV4)
		{C85CB4EF-47F0-493B-A043-528A61C61B31}.LIB ASM Debug|Pocket PC 2003 (ARMV4).Build.0 = Debug|Pocket PC 2003 (ARMV4)
		{C85CB4EF-47F0-493B-A043-528A61C61B31}.LIB ASM Debug|Pocket PC 2003 (ARMV4).Deploy.0 = Debug|Pocket PC 2003 (ARMV4)
		{C85CB4EF-47F0-493B-A043-528A61C61B31}.LIB ASM Debug|Win32.ActiveCfg = Debug|Win32
		{C85CB4EF-47F0-493B-A043-528A61C61B31}.LIB ASM Debug|Win32.Build.0 = Debug|Win32
		{C85CB4EF-47F0-493B-A043-528A61C61B31}.LIB ASM Debug|x64.ActiveCfg = Debug|Pocket PC 2003 (ARMV4)
		{C85CB4EF-47F0-493B-A043-528A61C61B31}.LIB ASM Release|Pocket PC 2003 (ARMV4).ActiveCfg = Release|Pocket PC 2003 (ARMV4)
		{C85CB4EF-47F0-493B-A043-528A61C61B31}.LIB ASM Release|Pocket PC 2003 (ARMV4).Build.0 = Release|Pocket PC 2003 (ARMV4)
		{C85CB4EF-47F0-493B-A043-528A61C61B31}.LIB ASM Release|Pocket PC 2003 (ARMV4).Deploy.0 = Release|Pocket PC 2003 (ARMV4)
		{C85CB4EF-47F0-493B-A043-528A61C61B31}.LIB ASM Release|Win32.ActiveCfg = Release|Win32
		{C85CB4EF-47F0-493B-A043-528A61C61B31}.LIB ASM Release|Win32.Build.0 = Release|Win32
		{C85CB4EF-47F0-493B-A043-528A61C61B31}.LIB ASM Release|x64.ActiveCfg = Release|Pocket PC 2003 (ARMV4)
		{C85CB4EF-47F0-493B-A043-528A61C61B31}.LIB Debug|Pocket PC 2003 (ARMV4).ActiveCfg = Debug|Pocket PC 2003 (ARMV4)
		{C85CB4EF-47F0-493B-A043-528A61C61B31}.LIB Debug|Pocket PC 2003 (ARMV4).Build.0 = Debug|Pocket PC 2003 (ARMV4)
		{C85CB4EF-47F0-493B-A043-528A61C61B31}.LIB Debug|Pocket PC 2003 (ARMV4).Deploy.0 = Debug|Pocket PC 2003 (ARMV4)
		{C85CB4EF-47F0-493B-A043-528A61C61B31}.LIB Debug|Win32.ActiveCfg = Debug|Win32
		{C85CB4EF-47F0-493B-A043-528A61C61B31}.LIB Debug|Win32.Build.0 = Debug|Win32
		{C85CB4EF-47F0-493B-A043-528A61C61B31}.LIB Debug|x64.ActiveCfg = Debug|Pocket PC 2003 (ARMV4)
		{C85CB4EF-47F0-493B-A043-528A61C61B31}.LIB Release|Pocket PC 2003 (ARMV4).ActiveCfg = Release|Pocket PC 2003 (ARMV4)
		{C85CB4EF-47F0-493B-A043-528A61C61B31}.LIB Release|Pocket PC 2003 (ARMV4).Build.0 = Release|Pocket PC 2003 (ARMV4)
		{C85CB4EF-47F0-493B-A043-528A61C61B31}.LIB Release|Pocket PC 2003 (ARMV4).Deploy.0 = Release|Pocket PC 2003 (ARMV4)
		{C85CB4EF-47F0-493B-A043-528A61C61B31}.LIB Release|Win32.ActiveCfg = Release|Win32
		{C85CB4EF-47F0-493B-A043-528A61C61B31}.LIB Release|Win32.Build.0 = Release|Win32
		{C85CB4EF-47F0-493B-A043-528A61C61B31}.LIB Release|x64.ActiveCfg = Release|Pocket PC 2003 (ARMV4)
		{C85CB4EF-47F0-493B-A043-528A61C61B31}.MinSizeRel|Pocket PC 2003 (ARMV4).ActiveCfg = ReleaseDbg|x64
		{C85CB4EF-47F0-493B-A043-528A61C61B31}.MinSizeRel|Win32.ActiveCfg = ReleaseDbg|x64
		{C85CB4EF-47F0-493B-A043-528A61C61B31}.MinSizeRel|x64.ActiveCfg = ReleaseDbg|x64
		{C85CB4EF-47F0-493B-A043-528A61C61B31}.MinSizeRel|x64.Build.0 = ReleaseDbg|x64
		{C85CB4EF-47F0-493B-A043-528A61C61B31}.Presentation|Pocket PC 2003 (ARMV4).ActiveCfg = Presentation|Pocket PC 2003 (ARMV4)
		{C85CB4EF-47F0-493B-A043-528A61C61B31}.Presentation|Pocket PC 2003 (ARMV4).Build.0 = Presentation|Pocket PC 2003 (ARMV4)
		{C85CB4EF-47F0-493B-A043-528A61C61B31}.Presentation|Pocket PC 2003 (ARMV4).Deploy.0 = Presentation|Pocket PC 2003 (ARMV4)
		{C85CB4EF-47F0-493B-A043-528A61C61B31}.Presentation|Win32.ActiveCfg = Presentation|Win32
		{C85CB4EF-47F0-493B-A043-528A61C61B31}.Presentation|Win32.Build.0 = Presentation|Win32
		{C85CB4EF-47F0-493B-A043-528A61C61B31}.Presentation|x64.ActiveCfg = Presentation|Pocket PC 2003 (ARMV4)
		{C85CB4EF-47F0-493B-A043-528A61C61B31}.Release|Pocket PC 2003 (ARMV4).ActiveCfg = Release|Pocket PC 2003 (ARMV4)
		{C85CB4EF-47F0-493B-A043-528A61C61B31}.Release|Pocket PC 2003 (ARMV4).Build.0 = Release|Pocket PC 2003 (ARMV4)
		{C85CB4EF-47F0-493B-A043-528A61C61B31}.Release|Pocket PC 2003 (ARMV4).Deploy.0 = Release|Pocket PC 2003 (ARMV4)
		{C85CB4EF-47F0-493B-A043-528A61C61B31}.Release|Win32.ActiveCfg = Release|Win32
		{C85CB4EF-47F0-493B-A043-528A61C61B31}.Release|Win32.Build.0 = Release|Win32
		{C85CB4EF-47F0-493B-A043-528A61C61B31}.Release|x64.ActiveCfg = Release|Pocket PC 2003 (ARMV4)
		{C85CB4EF-47F0-493B-A043-528A61C61B31}.ReleaseDbg|Pocket PC 2003 (ARMV4).ActiveCfg = ReleaseDbg|Pocket PC 2003 (ARMV4)
		{C85CB4EF-47F0-493B-A043-528A61C61B31}.ReleaseDbg|Pocket PC 2003 (ARMV4).Build.0 = ReleaseDbg|Pocket PC 2003 (ARMV4)
		{C85CB4EF-47F0-493B-A043-528A61C61B31}.ReleaseDbg|Pocket PC 2003 (ARMV4).Deploy.0 = ReleaseDbg|Pocket PC 2003 (ARMV4)
		{C85CB4EF-47F0-493B-A043-528A61C61B31}.ReleaseDbg|Win32.ActiveCfg = ReleaseDbg|Win32
		{C85CB4EF-47F0-493B-A043-528A61C61B31}.ReleaseDbg|Win32.Build.0 = ReleaseDbg|Win32
		{C85CB4EF-47F0-493B-A043-528A61C61B31}.ReleaseDbg|x64.ActiveCfg = ReleaseDbg|Pocket PC 2003 (ARMV4)
		{C85CB4EF-47F0-493B-A043-528A61C61B31}.RelWithDebInfo|Pocket PC 2003 (ARMV4).ActiveCfg = ReleaseDbg|x64
		{C85CB4EF-47F0-493B-A043-528A61C61B31}.RelWithDebInfo|Win32.ActiveCfg = ReleaseDbg|x64
		{C85CB4EF-47F0-493B-A043-528A61C61B31}.RelWithDebInfo|x64.ActiveCfg = ReleaseDbg|x64
		{C85CB4EF-47F0-493B-A043-528A61C61B31}.RelWithDebInfo|x64.Build.0 = ReleaseDbg|x64
		{CA6F9789-7AE9-4753-B93F-C5B77B343602}.Debug|Pocket PC 2003 (ARMV4).ActiveCfg = Debug|Win32
		{CA6F9789-7AE9-4753-B93F-C5B77B343602}.Debug|Win32.ActiveCfg = Debug|Win32
		{CA6F9789-7AE9-4753-B93F-C5B77B343602}.Debug|Win32.Build.0 = Debug|Win32
		{CA6F9789-7AE9-4753-B93F-C5B77B343602}.Debug|x64.ActiveCfg = Debug|Win32
		{CA6F9789-7AE9-4753-B93F-C5B77B343602}.Debug64|Pocket PC 2003 (ARMV4).ActiveCfg = Debug|Win32
		{CA6F9789-7AE9-4753-B93F-C5B77B343602}.Debug64|Win32.ActiveCfg = Debug|Win32
		{CA6F9789-7AE9-4753-B93F-C5B77B343602}.Debug64|Win32.Build.0 = Debug|Win32
		{CA6F9789-7AE9-4753-B93F-C5B77B343602}.Debug64|x64.ActiveCfg = Debug|Win32
		{CA6F9789-7AE9-4753-B93F-C5B77B343602}.DLL ASM Debug|Pocket PC 2003 (ARMV4).ActiveCfg = Debug|Win32
		{CA6F9789-7AE9-4753-B93F-C5B77B343602}.DLL ASM Debug|Win32.ActiveCfg = Debug|Win32
		{CA6F9789-7AE9-4753-B93F-C5B77B343602}.DLL ASM Debug|Win32.Build.0 = Debug|Win32
		{CA6F9789-7AE9-4753-B93F-C5B77B343602}.DLL ASM Debug|x64.ActiveCfg = Debug|Win32
		{CA6F9789-7AE9-4753-B93F-C5B77B343602}.DLL ASM Release|Pocket PC 2003 (ARMV4).ActiveCfg = Release|Win32
		{CA6F9789-7AE9-4753-B93F-C5B77B343602}.DLL ASM Release|Win32.ActiveCfg = Release|Win32
		{CA6F9789-7AE9-4753-B93F-C5B77B343602}.DLL ASM Release|Win32.Build.0 = Release|Win32
		{CA6F9789-7AE9-4753-B93F-C5B77B343602}.DLL ASM Release|x64.ActiveCfg = Release|Win32
		{CA6F9789-7AE9-4753-B93F-C5B77B343602}.DLL Debug|Pocket PC 2003 (ARMV4).ActiveCfg = Debug|Win32
		{CA6F9789-7AE9-4753-B93F-C5B77B343602}.DLL Debug|Win32.ActiveCfg = Debug|Win32
		{CA6F9789-7AE9-4753-B93F-C5B77B343602}.DLL Debug|Win32.Build.0 = Debug|Win32
		{CA6F9789-7AE9-4753-B93F-C5B77B343602}.DLL Debug|x64.ActiveCfg = Debug|Win32
		{CA6F9789-7AE9-4753-B93F-C5B77B343602}.DLL Release|Pocket PC 2003 (ARMV4).ActiveCfg = Release|Win32
		{CA6F9789-7AE9-4753-B93F-C5B77B343602}.DLL Release|Win32.ActiveCfg = Release|Win32
		{CA6F9789-7AE9-4753-B93F-C5B77B343602}.DLL Release|Win32.Build.0 = Release|Win32
		{CA6F9789-7AE9-4753-B93F-C5B77B343602}.DLL Release|x64.ActiveCfg = Release|Win32
		{CA6F9789-7AE9-4753-B93F-C5B77B343602}.LIB ASM Debug|Pocket PC 2003 (ARMV4).ActiveCfg = Debug|Win32
		{CA6F9789-7AE9-4753-B93F-C5B77B343602}.LIB ASM Debug|Win32.ActiveCfg = Debug|Win32
		{CA6F9789-7AE9-4753-B93F-C5B77B343602}.LIB ASM Debug|Win32.Build.0 = Debug|Win32
		{CA6F9789-7AE9-4753-B93F-C5B77B343602}.LIB ASM Debug|x64.ActiveCfg = Debug|Win32
		{CA6F9789-7AE9-4753-B93F-C5B77B343602}.LIB ASM Release|Pocket PC 2003 (ARMV4).ActiveCfg = Release|Win32
		{CA6F9789-7AE9-4753-B93F-C5B77B343602}.LIB ASM Release|Win32.ActiveCfg = Release|Win32
		{CA6F9789-7AE9-4753-B93F-C5B77B343602}.LIB ASM Release|Win32.Build.0 = Release|Win32
		{CA6F9789-7AE9-4753-B93F-C5B77B343602}.LIB ASM Release|x64.ActiveCfg = Release|Win32
		{CA6F9789-7AE9-4753-B93F-C5B77B343602}.LIB Debug|Pocket PC 2003 (ARMV4).ActiveCfg = Debug|Win32
		{CA6F9789-7AE9-4753-B93F-C5B77B343602}.LIB Debug|Win32.ActiveCfg = Debug|Win32
		{CA6F9789-7AE9-4753-B93F-C5B77B343602}.LIB Debug|Win32.Build.0 = Debug|Win32
		{CA6F9789-7AE9-4753-B93F-C5B77B343602}.LIB Debug|x64.ActiveCfg = Debug|Win32
		{CA6F9789-7AE9-4753-B93F-C5B77B343602}.LIB Release|Pocket PC 2003 (ARMV4).ActiveCfg = Release|Win32
		{CA6F9789-7AE9-4753-B93F-C5B77B343602}.LIB Release|Win32.ActiveCfg = Release|Win32
		{CA6F9789-7AE9-4753-B93F-C5B77B343602}.LIB Release|Win32.Build.0 = Release|Win32
		{CA6F9789-7AE9-4753-B93F-C5B77B343602}.LIB Release|x64.ActiveCfg = Release|Win32
		{CA6F9789-7AE9-4753-B93F-C5B77B343602}.MinSizeRel|Pocket PC 2003 (ARMV4).ActiveCfg = ReleaseDbg|x64
		{CA6F9789-7AE9-4753-B93F-C5B77B343602}.MinSizeRel|Win32.ActiveCfg = ReleaseDbg|x64
		{CA6F9789-7AE9-4753-B93F-C5B77B343602}.MinSizeRel|x64.ActiveCfg = ReleaseDbg|x64
		{CA6F9789-7AE9-4753-B93F-C5B77B343602}.MinSizeRel|x64.Build.0 = ReleaseDbg|x64
		{CA6F9789-7AE9-4753-B93F-C5B77B343602}.Presentation|Pocket PC 2003 (ARMV4).ActiveCfg = Release|Win32
		{CA6F9789-7AE9-4753-B93F-C5B77B343602}.Presentation|Win32.ActiveCfg = Release|Win32
		{CA6F9789-7AE9-4753-B93F-C5B77B343602}.Presentation|Win32.Build.0 = Release|Win32
		{CA6F9789-7AE9-4753-B93F-C5B77B343602}.Presentation|x64.ActiveCfg = Release|Win32
		{CA6F9789-7AE9-4753-B93F-C5B77B343602}.Release|Pocket PC 2003 (ARMV4).ActiveCfg = Release|Win32
		{CA6F9789-7AE9-4753-B93F-C5B77B343602}.Release|Win32.ActiveCfg = Release|Win32
		{CA6F9789-7AE9-4753-B93F-C5B77B343602}.Release|Win32.Build.0 = Release|Win32
		{CA6F9789-7AE9-4753-B93F-C5B77B343602}.Release|x64.ActiveCfg = Release|Win32
		{CA6F9789-7AE9-4753-B93F-C5B77B343602}.ReleaseDbg|Pocket PC 2003 (ARMV4).ActiveCfg = ReleaseDbg|Win32
		{CA6F9789-7AE9-4753-B93F-C5B77B343602}.ReleaseDbg|Win32.ActiveCfg = ReleaseDbg|Win32
		{CA6F9789-7AE9-4753-B93F-C5B77B343602}.ReleaseDbg|Win32.Build.0 = ReleaseDbg|Win32
		{CA6F9789-7AE9-4753-B93F-C5B77B343602}.ReleaseDbg|x64.ActiveCfg = ReleaseDbg|Win32
		{CA6F9789-7AE9-4753-B93F-C5B77B343602}.RelWithDebInfo|Pocket PC 2003 (ARMV4).ActiveCfg = ReleaseDbg|x64
		{CA6F9789-7AE9-4753-B93F-C5B77B343602}.RelWithDebInfo|Win32.ActiveCfg = ReleaseDbg|x64
		{CA6F9789-7AE9-4753-B93F-C5B77B343602}.RelWithDebInfo|x64.ActiveCfg = ReleaseDbg|x64
		{CA6F9789-7AE9-4753-B93F-C5B77B343602}.RelWithDebInfo|x64.Build.0 = ReleaseDbg|x64
		{D1CB1DFF-459B-4E5C-BF2C-D3F94C2ACBF7}.Debug|Pocket PC 2003 (ARMV4).ActiveCfg = DLL Debug|Win32
		{D1CB1DFF-459B-4E5C-BF2C-D3F94C2ACBF7}.Debug|Win32.ActiveCfg = LIB Debug|Win32
		{D1CB1DFF-459B-4E5C-BF2C-D3F94C2ACBF7}.Debug|Win32.Build.0 = LIB Debug|Win32
		{D1CB1DFF-459B-4E5C-BF2C-D3F94C2ACBF7}.Debug|x64.ActiveCfg = DLL Debug|x64
		{D1CB1DFF-459B-4E5C-BF2C-D3F94C2ACBF7}.Debug|x64.Build.0 = DLL Debug|x64
		{D1CB1DFF-459B-4E5C-BF2C-D3F94C2ACBF7}.Debug64|Pocket PC 2003 (ARMV4).ActiveCfg = DLL Debug|Win32
		{D1CB1DFF-459B-4E5C-BF2C-D3F94C2ACBF7}.Debug64|Win32.ActiveCfg = DLL Debug|Win32
		{D1CB1DFF-459B-4E5C-BF2C-D3F94C2ACBF7}.Debug64|Win32.Build.0 = DLL Debug|Win32
		{D1CB1DFF-459B-4E5C-BF2C-D3F94C2ACBF7}.Debug64|x64.ActiveCfg = DLL Debug|Win32
		{D1CB1DFF-459B-4E5C-BF2C-D3F94C2ACBF7}.DLL ASM Debug|Pocket PC 2003 (ARMV4).ActiveCfg = DLL ASM Debug|Win32
		{D1CB1DFF-459B-4E5C-BF2C-D3F94C2ACBF7}.DLL ASM Debug|Win32.ActiveCfg = DLL ASM Debug|Win32
		{D1CB1DFF-459B-4E5C-BF2C-D3F94C2ACBF7}.DLL ASM Debug|Win32.Build.0 = DLL ASM Debug|Win32
		{D1CB1DFF-459B-4E5C-BF2C-D3F94C2ACBF7}.DLL ASM Debug|x64.ActiveCfg = DLL ASM Debug|Win32
		{D1CB1DFF-459B-4E5C-BF2C-D3F94C2ACBF7}.DLL ASM Release|Pocket PC 2003 (ARMV4).ActiveCfg = DLL ASM Release|Win32
		{D1CB1DFF-459B-4E5C-BF2C-D3F94C2ACBF7}.DLL ASM Release|Win32.ActiveCfg = DLL ASM Release|Win32
		{D1CB1DFF-459B-4E5C-BF2C-D3F94C2ACBF7}.DLL ASM Release|Win32.Build.0 = DLL ASM Release|Win32
		{D1CB1DFF-459B-4E5C-BF2C-D3F94C2ACBF7}.DLL ASM Release|x64.ActiveCfg = DLL ASM Release|Win32
		{D1CB1DFF-459B-4E5C-BF2C-D3F94C2ACBF7}.DLL Debug|Pocket PC 2003 (ARMV4).ActiveCfg = DLL Debug|Win32
		{D1CB1DFF-459B-4E5C-BF2C-D3F94C2ACBF7}.DLL Debug|Win32.ActiveCfg = DLL Debug|Win32
		{D1CB1DFF-459B-4E5C-BF2C-D3F94C2ACBF7}.DLL Debug|Win32.Build.0 = DLL Debug|Win32
		{D1CB1DFF-459B-4E5C-BF2C-D3F94C2ACBF7}.DLL Debug|x64.ActiveCfg = DLL Debug|Win32
		{D1CB1DFF-459B-4E5C-BF2C-D3F94C2ACBF7}.DLL Release|Pocket PC 2003 (ARMV4).ActiveCfg = DLL Release|Win32
		{D1CB1DFF-459B-4E5C-BF2C-D3F94C2ACBF7}.DLL Release|Win32.ActiveCfg = DLL Release|Win32
		{D1CB1DFF-459B-4E5C-BF2C-D3F94C2ACBF7}.DLL Release|Win32.Build.0 = DLL Release|Win32
		{D1CB1DFF-459B-4E5C-BF2C-D3F94C2ACBF7}.DLL Release|x64.ActiveCfg = DLL Release|Win32
		{D1CB1DFF-459B-4E5C-BF2C-D3F94C2ACBF7}.LIB ASM Debug|Pocket PC 2003 (ARMV4).ActiveCfg = LIB ASM Debug|Win32
		{D1CB1DFF-459B-4E5C-BF2C-D3F94C2ACBF7}.LIB ASM Debug|Win32.ActiveCfg = LIB ASM Debug|Win32
		{D1CB1DFF-459B-4E5C-BF2C-D3F94C2ACBF7}.LIB ASM Debug|Win32.Build.0 = LIB ASM Debug|Win32
		{D1CB1DFF-459B-4E5C-BF2C-D3F94C2ACBF7}.LIB ASM Debug|x64.ActiveCfg = LIB ASM Debug|Win32
		{D1CB1DFF-459B-4E5C-BF2C-D3F94C2ACBF7}.LIB ASM Release|Pocket PC 2003 (ARMV4).ActiveCfg = LIB ASM Release|Win32
		{D1CB1DFF-459B-4E5C-BF2C-D3F94C2ACBF7}.LIB ASM Release|Win32.ActiveCfg = LIB ASM Release|Win32
		{D1CB1DFF-459B-4E5C-BF2C-D3F94C2ACBF7}.LIB ASM Release|Win32.Build.0 = LIB ASM Release|Win32
		{D1CB1DFF-459B-4E5C-BF2C-D3F94C2ACBF7}.LIB ASM Release|x64.ActiveCfg = LIB ASM Release|Win32
		{D1CB1DFF-459B-4E5C-BF2C-D3F94C2ACBF7}.LIB Debug|Pocket PC 2003 (ARMV4).ActiveCfg = LIB Debug|Win32
		{D1CB1DFF-459B-4E5C-BF2C-D3F94C2ACBF7}.LIB Debug|Win32.ActiveCfg = LIB Debug|Win32
		{D1CB1DFF-459B-4E5C-BF2C-D3F94C2ACBF7}.LIB Debug|Win32.Build.0 = LIB Debug|Win32
		{D1CB1DFF-459B-4E5C-BF2C-D3F94C2ACBF7}.LIB Debug|x64.ActiveCfg = LIB Debug|Win32
		{D1CB1DFF-459B-4E5C-BF2C-D3F94C2ACBF7}.LIB Release|Pocket PC 2003 (ARMV4).ActiveCfg = LIB Release|Win32
		{D1CB1DFF-459B-4E5C-BF2C-D3F94C2ACBF7}.LIB Release|Win32.ActiveCfg = LIB Release|Win32
		{D1CB1DFF-459B-4E5C-BF2C-D3F94C2ACBF7}.LIB Release|Win32.Build.0 = LIB Release|Win32
		{D1CB1DFF-459B-4E5C-BF2C-D3F94C2ACBF7}.LIB Release|x64.ActiveCfg = LIB Release|Win32
		{D1CB1DFF-459B-4E5C-BF2C-D3F94C2ACBF7}.MinSizeRel|Pocket PC 2003 (ARMV4).ActiveCfg = ReleaseDbg|x64
		{D1CB1DFF-459B-4E5C-BF2C-D3F94C2ACBF7}.MinSizeRel|Win32.ActiveCfg = ReleaseDbg|x64
		{D1CB1DFF-459B-4E5C-BF2C-D3F94C2ACBF7}.MinSizeRel|x64.ActiveCfg = ReleaseDbg|x64
		{D1CB1DFF-459B-4E5C-BF2C-D3F94C2ACBF7}.MinSizeRel|x64.Build.0 = ReleaseDbg|x64
		{D1CB1DFF-459B-4E5C-BF2C-D3F94C2ACBF7}.Presentation|Pocket PC 2003 (ARMV4).ActiveCfg = LIB ASM Release|Win32
		{D1CB1DFF-459B-4E5C-BF2C-D3F94C2ACBF7}.Presentation|Win32.ActiveCfg = LIB ASM Release|Win32
		{D1CB1DFF-459B-4E5C-BF2C-D3F94C2ACBF7}.Presentation|Win32.Build.0 = LIB ASM Release|Win32
		{D1CB1DFF-459B-4E5C-BF2C-D3F94C2ACBF7}.Presentation|x64.ActiveCfg = LIB ASM Release|Win32
		{D1CB1DFF-459B-4E5C-BF2C-D3F94C2ACBF7}.Release|Pocket PC 2003 (ARMV4).ActiveCfg = LIB ASM Release|Win32
		{D1CB1DFF-459B-4E5C-BF2C-D3F94C2ACBF7}.Release|Win32.ActiveCfg = LIB ASM Release|Win32
		{D1CB1DFF-459B-4E5C-BF2C-D3F94C2ACBF7}.Release|Win32.Build.0 = LIB ASM Release|Win32
		{D1CB1DFF-459B-4E5C-BF2C-D3F94C2ACBF7}.Release|x64.ActiveCfg = ReleaseDbg|x64
		{D1CB1DFF-459B-4E5C-BF2C-D3F94C2ACBF7}.Release|x64.Build.0 = ReleaseDbg|x64
		{D1CB1DFF-459B-4E5C-BF2C-D3F94C2ACBF7}.ReleaseDbg|Pocket PC 2003 (ARMV4).ActiveCfg = ReleaseDbg|Win32
		{D1CB1DFF-459B-4E5C-BF2C-D3F94C2ACBF7}.ReleaseDbg|Win32.ActiveCfg = ReleaseDbg|Win32
		{D1CB1DFF-459B-4E5C-BF2C-D3F94C2ACBF7}.ReleaseDbg|Win32.Build.0 = ReleaseDbg|Win32
		{D1CB1DFF-459B-4E5C-BF2C-D3F94C2ACBF7}.ReleaseDbg|x64.ActiveCfg = ReleaseDbg|Win32
		{D1CB1DFF-459B-4E5C-BF2C-D3F94C2ACBF7}.RelWithDebInfo|Pocket PC 2003 (ARMV4).ActiveCfg = ReleaseDbg|x64
		{D1CB1DFF-459B-4E5C-BF2C-D3F94C2ACBF7}.RelWithDebInfo|Win32.ActiveCfg = ReleaseDbg|x64
		{D1CB1DFF-459B-4E5C-BF2C-D3F94C2ACBF7}.RelWithDebInfo|x64.ActiveCfg = ReleaseDbg|x64
		{D1CB1DFF-459B-4E5C-BF2C-D3F94C2ACBF7}.RelWithDebInfo|x64.Build.0 = ReleaseDbg|x64
		{662B678D-B7A3-41C7-886F-10C62E35633E}.Debug|Pocket PC 2003 (ARMV4).ActiveCfg = Debug|Win32
		{662B678D-B7A3-41C7-886F-10C62E35633E}.Debug|Win32.ActiveCfg = Debug|Win32
		{662B678D-B7A3-41C7-886F-10C62E35633E}.Debug|Win32.Build.0 = Debug|Win32
		{662B678D-B7A3-41C7-886F-10C62E35633E}.Debug|x64.ActiveCfg = Debug|x64
		{662B678D-B7A3-41C7-886F-10C62E35633E}.Debug|x64.Build.0 = Debug|x64
		{662B678D-B7A3-41C7-886F-10C62E35633E}.Debug64|Pocket PC 2003 (ARMV4).ActiveCfg = Debug|Win32
		{662B678D-B7A3-41C7-886F-10C62E35633E}.Debug64|Win32.ActiveCfg = Debug|Win32
		{662B678D-B7A3-41C7-886F-10C62E35633E}.Debug64|Win32.Build.0 = Debug|Win32
		{662B678D-B7A3-41C7-886F-10C62E35633E}.Debug64|x64.ActiveCfg = Debug|Win32
		{662B678D-B7A3-41C7-886F-10C62E35633E}.DLL ASM Debug|Pocket PC 2003 (ARMV4).ActiveCfg = Debug|Win32
		{662B678D-B7A3-41C7-886F-10C62E35633E}.DLL ASM Debug|Win32.ActiveCfg = Debug|Win32
		{662B678D-B7A3-41C7-886F-10C62E35633E}.DLL ASM Debug|Win32.Build.0 = Debug|Win32
		{662B678D-B7A3-41C7-886F-10C62E35633E}.DLL ASM Debug|x64.ActiveCfg = Debug|Win32
		{662B678D-B7A3-41C7-886F-10C62E35633E}.DLL ASM Release|Pocket PC 2003 (ARMV4).ActiveCfg = Release|Win32
		{662B678D-B7A3-41C7-886F-10C62E35633E}.DLL ASM Release|Win32.ActiveCfg = Release|Win32
		{662B678D-B7A3-41C7-886F-10C62E35633E}.DLL ASM Release|Win32.Build.0 = Release|Win32
		{662B678D-B7A3-41C7-886F-10C62E35633E}.DLL ASM Release|x64.ActiveCfg = Release|Win32
		{662B678D-B7A3-41C7-886F-10C62E35633E}.DLL Debug|Pocket PC 2003 (ARMV4).ActiveCfg = Debug|Win32
		{662B678D-B7A3-41C7-886F-10C62E35633E}.DLL Debug|Win32.ActiveCfg = Debug|Win32
		{662B678D-B7A3-41C7-886F-10C62E35633E}.DLL Debug|Win32.Build.0 = Debug|Win32
		{662B678D-B7A3-41C7-886F-10C62E35633E}.DLL Debug|x64.ActiveCfg = Debug|Win32
		{662B678D-B7A3-41C7-886F-10C62E35633E}.DLL Release|Pocket PC 2003 (ARMV4).ActiveCfg = Release|Win32
		{662B678D-B7A3-41C7-886F-10C62E35633E}.DLL Release|Win32.ActiveCfg = Release|Win32
		{662B678D-B7A3-41C7-886F-10C62E35633E}.DLL Release|Win32.Build.0 = Release|Win32
		{662B678D-B7A3-41C7-886F-10C62E35633E}.DLL Release|x64.ActiveCfg = Release|Win32
		{662B678D-B7A3-41C7-886F-10C62E35633E}.LIB ASM Debug|Pocket PC 2003 (ARMV4).ActiveCfg = Debug|Win32
		{662B678D-B7A3-41C7-886F-10C62E35633E}.LIB ASM Debug|Win32.ActiveCfg = Debug|Win32
		{662B678D-B7A3-41C7-886F-10C62E35633E}.LIB ASM Debug|Win32.Build.0 = Debug|Win32
		{662B678D-B7A3-41C7-886F-10C62E35633E}.LIB ASM Debug|x64.ActiveCfg = Debug|Win32
		{662B678D-B7A3-41C7-886F-10C62E35633E}.LIB ASM Release|Pocket PC 2003 (ARMV4).ActiveCfg = Release|Win32
		{662B678D-B7A3-41C7-886F-10C62E35633E}.LIB ASM Release|Win32.ActiveCfg = Release|Win32
		{662B678D-B7A3-41C7-886F-10C62E35633E}.LIB ASM Release|Win32.Build.0 = Release|Win32
		{662B678D-B7A3-41C7-886F-10C62E35633E}.LIB ASM Release|x64.ActiveCfg = Release|Win32
		{662B678D-B7A3-41C7-886F-10C62E35633E}.LIB Debug|Pocket PC 2003 (ARMV4).ActiveCfg = Debug|Win32
		{662B678D-B7A3-41C7-886F-10C62E35633E}.LIB Debug|Win32.ActiveCfg = Debug|Win32
		{662B678D-B7A3-41C7-886F-10C62E35633E}.LIB Debug|Win32.Build.0 = Debug|Win32
		{662B678D-B7A3-41C7-886F-10C62E35633E}.LIB Debug|x64.ActiveCfg = Debug|Win32
		{662B678D-B7A3-41C7-886F-10C62E35633E}.LIB Release|Pocket PC 2003 (ARMV4).ActiveCfg = Release|Win32
		{662B678D-B7A3-41C7-886F-10C62E35633E}.LIB Release|Win32.ActiveCfg = Release|Win32
		{662B678D-B7A3-41C7-886F-10C62E35633E}.LIB Release|Win32.Build.0 = Release|Win32
		{662B678D-B7A3-41C7-886F-10C62E35633E}.LIB Release|x64.ActiveCfg = Release|Win32
		{662B678D-B7A3-41C7-886F-10C62E35633E}.MinSizeRel|Pocket PC 2003 (ARMV4).ActiveCfg = ReleaseDbg|x64
		{662B678D-B7A3-41C7-886F-10C62E35633E}.MinSizeRel|Win32.ActiveCfg = ReleaseDbg|x64
		{662B678D-B7A3-41C7-886F-10C62E35633E}.MinSizeRel|x64.ActiveCfg = ReleaseDbg|x64
		{662B678D-B7A3-41C7-886F-10C62E35633E}.MinSizeRel|x64.Build.0 = ReleaseDbg|x64
		{662B678D-B7A3-41C7-886F-10C62E35633E}.Presentation|Pocket PC 2003 (ARMV4).ActiveCfg = Presentation|Win32
		{662B678D-B7A3-41C7-886F-10C62E35633E}.Presentation|Win32.ActiveCfg = Presentation|Win32
		{662B678D-B7A3-41C7-886F-10C62E35633E}.Presentation|Win32.Build.0 = Presentation|Win32
		{662B678D-B7A3-41C7-886F-10C62E35633E}.Presentation|x64.ActiveCfg = Presentation|Win32
		{662B678D-B7A3-41C7-886F-10C62E35633E}.Release|Pocket PC 2003 (ARMV4).ActiveCfg = Release|Win32
		{662B678D-B7A3-41C7-886F-10C62E35633E}.Release|Win32.ActiveCfg = Release|Win32
		{662B678D-B7A3-41C7-886F-10C62E35633E}.Release|Win32.Build.0 = Release|Win32
		{662B678D-B7A3-41C7-886F-10C62E35633E}.Release|x64.ActiveCfg = Release|x64
		{662B678D-B7A3-41C7-886F-10C62E35633E}.Release|x64.Build.0 = Release|x64
		{662B678D-B7A3-41C7-886F-10C62E35633E}.ReleaseDbg|Pocket PC 2003 (ARMV4).ActiveCfg = ReleaseDbg|Win32
		{662B678D-B7A3-41C7-886F-10C62E35633E}.ReleaseDbg|Win32.ActiveCfg = ReleaseDbg|Win32
		{662B678D-B7A3-41C7-886F-10C62E35633E}.ReleaseDbg|Win32.Build.0 = ReleaseDbg|Win32
		{662B678D-B7A3-41C7-886F-10C62E35633E}.ReleaseDbg|x64.ActiveCfg = ReleaseDbg|Win32
		{662B678D-B7A3-41C7-886F-10C62E35633E}.RelWithDebInfo|Pocket PC 2003 (ARMV4).ActiveCfg = ReleaseDbg|x64
		{662B678D-B7A3-41C7-886F-10C62E35633E}.RelWithDebInfo|Win32.ActiveCfg = ReleaseDbg|x64
		{662B678D-B7A3-41C7-886F-10C62E35633E}.RelWithDebInfo|x64.ActiveCfg = ReleaseDbg|x64
		{662B678D-B7A3-41C7-886F-10C62E35633E}.RelWithDebInfo|x64.Build.0 = ReleaseDbg|x64
		{AFC2E3F3-54C1-4440-AD9E-52B5799FA89A}.Debug|Pocket PC 2003 (ARMV4).ActiveCfg = Debug|Win32
		{AFC2E3F3-54C1-4440-AD9E-52B5799FA89A}.Debug|Win32.ActiveCfg = Debug|Win32
		{AFC2E3F3-54C1-4440-AD9E-52B5799FA89A}.Debug|Win32.Build.0 = Debug|Win32
		{AFC2E3F3-54C1-4440-AD9E-52B5799FA89A}.Debug|x64.ActiveCfg = Debug|x64
		{AFC2E3F3-54C1-4440-AD9E-52B5799FA89A}.Debug|x64.Build.0 = Debug|x64
		{AFC2E3F3-54C1-4440-AD9E-52B5799FA89A}.Debug64|Pocket PC 2003 (ARMV4).ActiveCfg = Debug|Win32
		{AFC2E3F3-54C1-4440-AD9E-52B5799FA89A}.Debug64|Win32.ActiveCfg = Debug|Win32
		{AFC2E3F3-54C1-4440-AD9E-52B5799FA89A}.Debug64|Win32.Build.0 = Debug|Win32
		{AFC2E3F3-54C1-4440-AD9E-52B5799FA89A}.Debug64|x64.ActiveCfg = Debug|Win32
		{AFC2E3F3-54C1-4440-AD9E-52B5799FA89A}.DLL ASM Debug|Pocket PC 2003 (ARMV4).ActiveCfg = Debug|Win32
		{AFC2E3F3-54C1-4440-AD9E-52B5799FA89A}.DLL ASM Debug|Win32.ActiveCfg = Debug|Win32
		{AFC2E3F3-54C1-4440-AD9E-52B5799FA89A}.DLL ASM Debug|Win32.Build.0 = Debug|Win32
		{AFC2E3F3-54C1-4440-AD9E-52B5799FA89A}.DLL ASM Debug|x64.ActiveCfg = Debug|Win32
		{AFC2E3F3-54C1-4440-AD9E-52B5799FA89A}.DLL ASM Release|Pocket PC 2003 (ARMV4).ActiveCfg = Release|Win32
		{AFC2E3F3-54C1-4440-AD9E-52B5799FA89A}.DLL ASM Release|Win32.ActiveCfg = Release|Win32
		{AFC2E3F3-54C1-4440-AD9E-52B5799FA89A}.DLL ASM Release|Win32.Build.0 = Release|Win32
		{AFC2E3F3-54C1-4440-AD9E-52B5799FA89A}.DLL ASM Release|x64.ActiveCfg = Release|Win32
		{AFC2E3F3-54C1-4440-AD9E-52B5799FA89A}.DLL Debug|Pocket PC 2003 (ARMV4).ActiveCfg = Debug|Win32
		{AFC2E3F3-54C1-4440-AD9E-52B5799FA89A}.DLL Debug|Win32.ActiveCfg = Debug|Win32
		{AFC2E3F3-54C1-4440-AD9E-52B5799FA89A}.DLL Debug|Win32.Build.0 = Debug|Win32
		{AFC2E3F3-54C1-4440-AD9E-52B5799FA89A}.DLL Debug|x64.ActiveCfg = Debug|Win32
		{AFC2E3F3-54C1-4440-AD9E-52B5799FA89A}.DLL Release|Pocket PC 2003 (ARMV4).ActiveCfg = Release|Win32
		{AFC2E3F3-54C1-4440-AD9E-52B5799FA89A}.DLL Release|Win32.ActiveCfg = Release|Win32
		{AFC2E3F3-54C1-4440-AD9E-52B5799FA89A}.DLL Release|Win32.Build.0 = Release|Win32
		{AFC2E3F3-54C1-4440-AD9E-52B5799FA89A}.DLL Release|x64.ActiveCfg = Release|Win32
		{AFC2E3F3-54C1-4440-AD9E-52B5799FA89A}.LIB ASM Debug|Pocket PC 2003 (ARMV4).ActiveCfg = Debug|Win32
		{AFC2E3F3-54C1-4440-AD9E-52B5799FA89A}.LIB ASM Debug|Win32.ActiveCfg = Debug|Win32
		{AFC2E3F3-54C1-4440-AD9E-52B5799FA89A}.LIB ASM Debug|Win32.Build.0 = Debug|Win32
		{AFC2E3F3-54C1-4440-AD9E-52B5799FA89A}.LIB ASM Debug|x64.ActiveCfg = Debug|Win32
		{AFC2E3F3-54C1-4440-AD9E-52B5799FA89A}.LIB ASM Release|Pocket PC 2003 (ARMV4).ActiveCfg = Release|Win32
		{AFC2E3F3-54C1-4440-AD9E-52B5799FA89A}.LIB ASM Release|Win32.ActiveCfg = Release|Win32
		{AFC2E3F3-54C1-4440-AD9E-52B5799FA89A}.LIB ASM Release|Win32.Build.0 = Release|Win32
		{AFC2E3F3-54C1-4440-AD9E-52B5799FA89A}.LIB ASM Release|x64.ActiveCfg = Release|Win32
		{AFC2E3F3-54C1-4440-AD9E-52B5799FA89A}.LIB Debug|Pocket PC 2003 (ARMV4).ActiveCfg = Debug|Win32
		{AFC2E3F3-54C1-4440-AD9E-52B5799FA89A}.LIB Debug|Win32.ActiveCfg = Debug|Win32
		{AFC2E3F3-54C1-4440-AD9E-52B5799FA89A}.LIB Debug|Win32.Build.0 = Debug|Win32
		{AFC2E3F3-54C1-4440-AD9E-52B5799FA89A}.LIB Debug|x64.ActiveCfg = Debug|Win32
		{AFC2E3F3-54C1-4440-AD9E-52B5799FA89A}.LIB Release|Pocket PC 2003 (ARMV4).ActiveCfg = Release|Win32
		{AFC2E3F3-54C1-4440-AD9E-52B5799FA89A}.LIB Release|Win32.ActiveCfg = Release|Win32
		{AFC2E3F3-54C1-4440-AD9E-52B5799FA89A}.LIB Release|Win32.Build.0 = Release|Win32
		{AFC2E3F3-54C1-4440-AD9E-52B5799FA89A}.LIB Release|x64.ActiveCfg = Release|Win32
		{AFC2E3F3-54C1-4440-AD9E-52B5799FA89A}.MinSizeRel|Pocket PC 2003 (ARMV4).ActiveCfg = ReleaseDbg|x64
		{AFC2E3F3-54C1-4440-AD9E-52B5799FA89A}.MinSizeRel|Win32.ActiveCfg = ReleaseDbg|x64
		{AFC2E3F3-54C1-4440-AD9E-52B5799FA89A}.MinSizeRel|x64.ActiveCfg = ReleaseDbg|x64
		{AFC2E3F3-54C1-4440-AD9E-52B5799FA89A}.MinSizeRel|x64.Build.0 = ReleaseDbg|x64
		{AFC2E3F3-54C1-4440-AD9E-52B5799FA89A}.Presentation|Pocket PC 2003 (ARMV4).ActiveCfg = Presentation|Win32
		{AFC2E3F3-54C1-4440-AD9E-52B5799FA89A}.Presentation|Win32.ActiveCfg = Presentation|Win32
		{AFC2E3F3-54C1-4440-AD9E-52B5799FA89A}.Presentation|Win32.Build.0 = Presentation|Win32
		{AFC2E3F3-54C1-4440-AD9E-52B5799FA89A}.Presentation|x64.ActiveCfg = Presentation|Win32
		{AFC2E3F3-54C1-4440-AD9E-52B5799FA89A}.Release|Pocket PC 2003 (ARMV4).ActiveCfg = Release|Win32
		{AFC2E3F3-54C1-4440-AD9E-52B5799FA89A}.Release|Win32.ActiveCfg = Release|Win32
		{AFC2E3F3-54C1-4440-AD9E-52B5799FA89A}.Release|Win32.Build.0 = Release|Win32
		{AFC2E3F3-54C1-4440-AD9E-52B5799FA89A}.Release|x64.ActiveCfg = Release|x64
		{AFC2E3F3-54C1-4440-AD9E-52B5799FA89A}.Release|x64.Build.0 = Release|x64
		{AFC2E3F3-54C1-4440-AD9E-52B5799FA89A}.ReleaseDbg|Pocket PC 2003 (ARMV4).ActiveCfg = ReleaseDbg|Win32
		{AFC2E3F3-54C1-4440-AD9E-52B5799FA89A}.ReleaseDbg|Win32.ActiveCfg = ReleaseDbg|Win32
		{AFC2E3F3-54C1-4440-AD9E-52B5799FA89A}.ReleaseDbg|Win32.Build.0 = ReleaseDbg|Win32
		{AFC2E3F3-54C1-4440-AD9E-52B5799FA89A}.ReleaseDbg|x64.ActiveCfg = ReleaseDbg|Win32
		{AFC2E3F3-54C1-4440-AD9E-52B5799FA89A}.RelWithDebInfo|Pocket PC 2003 (ARMV4).ActiveCfg = ReleaseDbg|x64
		{AFC2E3F3-54C1-4440-AD9E-52B5799FA89A}.RelWithDebInfo|Win32.ActiveCfg = ReleaseDbg|x64
		{AFC2E3F3-54C1-4440-AD9E-52B5799FA89A}.RelWithDebInfo|x64.ActiveCfg = ReleaseDbg|x64
		{AFC2E3F3-54C1-4440-AD9E-52B5799FA89A}.RelWithDebInfo|x64.Build.0 = ReleaseDbg|x64
		{0D6DF746-0C48-42C0-9BB4-1D251895EE5D}.Debug|Pocket PC 2003 (ARMV4).ActiveCfg = Debug|Win32
		{0D6DF746-0C48-42C0-9BB4-1D251895EE5D}.Debug|Win32.ActiveCfg = Debug|Win32
		{0D6DF746-0C48-42C0-9BB4-1D251895EE5D}.Debug|Win32.Build.0 = Debug|Win32
		{0D6DF746-0C48-42C0-9BB4-1D251895EE5D}.Debug|x64.ActiveCfg = Debug|Win32
		{0D6DF746-0C48-42C0-9BB4-1D251895EE5D}.Debug64|Pocket PC 2003 (ARMV4).ActiveCfg = Debug|Win32
		{0D6DF746-0C48-42C0-9BB4-1D251895EE5D}.Debug64|Win32.ActiveCfg = Debug|Win32
		{0D6DF746-0C48-42C0-9BB4-1D251895EE5D}.Debug64|Win32.Build.0 = Debug|Win32
		{0D6DF746-0C48-42C0-9BB4-1D251895EE5D}.Debug64|x64.ActiveCfg = Debug|Win32
		{0D6DF746-0C48-42C0-9BB4-1D251895EE5D}.DLL ASM Debug|Pocket PC 2003 (ARMV4).ActiveCfg = Debug|Win32
		{0D6DF746-0C48-42C0-9BB4-1D251895EE5D}.DLL ASM Debug|Win32.ActiveCfg = Debug|Win32
		{0D6DF746-0C48-42C0-9BB4-1D251895EE5D}.DLL ASM Debug|Win32.Build.0 = Debug|Win32
		{0D6DF746-0C48-42C0-9BB4-1D251895EE5D}.DLL ASM Debug|x64.ActiveCfg = Debug|Win32
		{0D6DF746-0C48-42C0-9BB4-1D251895EE5D}.DLL ASM Release|Pocket PC 2003 (ARMV4).ActiveCfg = Release|Win32
		{0D6DF746-0C48-42C0-9BB4-1D251895EE5D}.DLL ASM Release|Win32.ActiveCfg = Release|Win32
		{0D6DF746-0C48-42C0-9BB4-1D251895EE5D}.DLL ASM Release|Win32.Build.0 = Release|Win32
		{0D6DF746-0C48-42C0-9BB4-1D251895EE5D}.DLL ASM Release|x64.ActiveCfg = Release|Win32
		{0D6DF746-0C48-42C0-9BB4-1D251895EE5D}.DLL Debug|Pocket PC 2003 (ARMV4).ActiveCfg = Debug|Win32
		{0D6DF746-0C48-42C0-9BB4-1D251895EE5D}.DLL Debug|Win32.ActiveCfg = Debug|Win32
		{0D6DF746-0C48-42C0-9BB4-1D251895EE5D}.DLL Debug|Win32.Build.0 = Debug|Win32
		{0D6DF746-0C48-42C0-9BB4-1D251895EE5D}.DLL Debug|x64.ActiveCfg = Debug|Win32
		{0D6DF746-0C48-42C0-9BB4-1D251895EE5D}.DLL Release|Pocket PC 2003 (ARMV4).ActiveCfg = Release|Win32
		{0D6DF746-0C48-42C0-9BB4-1D251895EE5D}.DLL Release|Win32.ActiveCfg = Release|Win32
		{0D6DF746-0C48-42C0-9BB4-1D251895EE5D}.DLL Release|Win32.Build.0 = Release|Win32
		{0D6DF746-0C48-42C0-9BB4-1D251895EE5D}.DLL Release|x64.ActiveCfg = Release|Win32
		{0D6DF746-0C48-42C0-9BB4-1D251895EE5D}.LIB ASM Debug|Pocket PC 2003 (ARMV4).ActiveCfg = Debug|Win32
		{0D6DF746-0C48-42C0-9BB4-1D251895EE5D}.LIB ASM Debug|Win32.ActiveCfg = Debug|Win32
		{0D6DF746-0C48-42C0-9BB4-1D251895EE5D}.LIB ASM Debug|Win32.Build.0 = Debug|Win32
		{0D6DF746-0C48-42C0-9BB4-1D251895EE5D}.LIB ASM Debug|x64.ActiveCfg = Debug|Win32
		{0D6DF746-0C48-42C0-9BB4-1D251895EE5D}.LIB ASM Release|Pocket PC 2003 (ARMV4).ActiveCfg = Release|Win32
		{0D6DF746-0C48-42C0-9BB4-1D251895EE5D}.LIB ASM Release|Win32.ActiveCfg = Release|Win32
		{0D6DF746-0C48-42C0-9BB4-1D251895EE5D}.LIB ASM Release|Win32.Build.0 = Release|Win32
		{0D6DF746-0C48-42C0-9BB4-1D251895EE5D}.LIB ASM Release|x64.ActiveCfg = Release|Win32
		{0D6DF746-0C48-42C0-9BB4-1D251895EE5D}.LIB Debug|Pocket PC 2003 (ARMV4).ActiveCfg = Debug|Win32
		{0D6DF746-0C48-42C0-9BB4-1D251895EE5D}.LIB Debug|Win32.ActiveCfg = Debug|Win32
		{0D6DF746-0C48-42C0-9BB4-1D251895EE5D}.LIB Debug|Win32.Build.0 = Debug|Win32
		{0D6DF746-0C48-42C0-9BB4-1D251895EE5D}.LIB Debug|x64.ActiveCfg = Debug|Win32
		{0D6DF746-0C48-42C0-9BB4-1D251895EE5D}.LIB Release|Pocket PC 2003 (ARMV4).ActiveCfg = Release|Win32
		{0D6DF746-0C48-42C0-9BB4-1D251895EE5D}.LIB Release|Win32.ActiveCfg = Release|Win32
		{0D6DF746-0C48-42C0-9BB4-1D251895EE5D}.LIB Release|Win32.Build.0 = Release|Win32
		{0D6DF746-0C48-42C0-9BB4-1D251895EE5D}.LIB Release|x64.ActiveCfg = Release|Win32
		{0D6DF746-0C48-42C0-9BB4-1D251895EE5D}.MinSizeRel|Pocket PC 2003 (ARMV4).ActiveCfg = ReleaseDbg|x64
		{0D6DF746-0C48-42C0-9BB4-1D251895EE5D}.MinSizeRel|Win32.ActiveCfg = ReleaseDbg|x64
		{0D6DF746-0C48-42C0-9BB4-1D251895EE5D}.MinSizeRel|x64.ActiveCfg = ReleaseDbg|x64
		{0D6DF746-0C48-42C0-9BB4-1D251895EE5D}.MinSizeRel|x64.Build.0 = ReleaseDbg|x64
		{0D6DF746-0C48-42C0-9BB4-1D251895EE5D}.Presentation|Pocket PC 2003 (ARMV4).ActiveCfg = Presentation|Win32
		{0D6DF746-0C48-42C0-9BB4-1D251895EE5D}.Presentation|Win32.ActiveCfg = Presentation|Win32
		{0D6DF746-0C48-42C0-9BB4-1D251895EE5D}.Presentation|Win32.Build.0 = Presentation|Win32
		{0D6DF746-0C48-42C0-9BB4-1D251895EE5D}.Presentation|x64.ActiveCfg = Presentation|Win32
		{0D6DF746-0C48-42C0-9BB4-1D251895EE5D}.Release|Pocket PC 2003 (ARMV4).ActiveCfg = Release|Win32
		{0D6DF746-0C48-42C0-9BB4-1D251895EE5D}.Release|Win32.ActiveCfg = Release|Win32
		{0D6DF746-0C48-42C0-9BB4-1D251895EE5D}.Release|Win32.Build.0 = Release|Win32
		{0D6DF746-0C48-42C0-9BB4-1D251895EE5D}.Release|x64.ActiveCfg = Release|Win32
		{0D6DF746-0C48-42C0-9BB4-1D251895EE5D}.ReleaseDbg|Pocket PC 2003 (ARMV4).ActiveCfg = ReleaseDbg|Win32
		{0D6DF746-0C48-42C0-9BB4-1D251895EE5D}.ReleaseDbg|Win32.ActiveCfg = ReleaseDbg|Win32
		{0D6DF746-0C48-42C0-9BB4-1D251895EE5D}.ReleaseDbg|Win32.Build.0 = ReleaseDbg|Win32
		{0D6DF746-0C48-42C0-9BB4-1D251895EE5D}.ReleaseDbg|x64.ActiveCfg = ReleaseDbg|Win32
		{0D6DF746-0C48-42C0-9BB4-1D251895EE5D}.RelWithDebInfo|Pocket PC 2003 (ARMV4).ActiveCfg = ReleaseDbg|x64
		{0D6DF746-0C48-42C0-9BB4-1D251895EE5D}.RelWithDebInfo|Win32.ActiveCfg = ReleaseDbg|x64
		{0D6DF746-0C48-42C0-9BB4-1D251895EE5D}.RelWithDebInfo|x64.ActiveCfg = ReleaseDbg|x64
		{0D6DF746-0C48-42C0-9BB4-1D251895EE5D}.RelWithDebInfo|x64.Build.0 = ReleaseDbg|x64
		{3FCA2B3B-237F-4A22-ABA5-D445212C48D8}.Debug|Pocket PC 2003 (ARMV4).ActiveCfg = Debug|Win32
		{3FCA2B3B-237F-4A22-ABA5-D445212C48D8}.Debug|Win32.ActiveCfg = Debug|Win32
		{3FCA2B3B-237F-4A22-ABA5-D445212C48D8}.Debug|Win32.Build.0 = Debug|Win32
		{3FCA2B3B-237F-4A22-ABA5-D445212C48D8}.Debug|x64.ActiveCfg = Debug|Win32
		{3FCA2B3B-237F-4A22-ABA5-D445212C48D8}.Debug64|Pocket PC 2003 (ARMV4).ActiveCfg = Debug|Win32
		{3FCA2B3B-237F-4A22-ABA5-D445212C48D8}.Debug64|Win32.ActiveCfg = Debug|Win32
		{3FCA2B3B-237F-4A22-ABA5-D445212C48D8}.Debug64|Win32.Build.0 = Debug|Win32
		{3FCA2B3B-237F-4A22-ABA5-D445212C48D8}.Debug64|x64.ActiveCfg = Debug|Win32
		{3FCA2B3B-237F-4A22-ABA5-D445212C48D8}.DLL ASM Debug|Pocket PC 2003 (ARMV4).ActiveCfg = Debug|Win32
		{3FCA2B3B-237F-4A22-ABA5-D445212C48D8}.DLL ASM Debug|Win32.ActiveCfg = Debug|Win32
		{3FCA2B3B-237F-4A22-ABA5-D445212C48D8}.DLL ASM Debug|Win32.Build.0 = Debug|Win32
		{3FCA2B3B-237F-4A22-ABA5-D445212C48D8}.DLL ASM Debug|x64.ActiveCfg = Debug|Win32
		{3FCA2B3B-237F-4A22-ABA5-D445212C48D8}.DLL ASM Release|Pocket PC 2003 (ARMV4).ActiveCfg = Release|Win32
		{3FCA2B3B-237F-4A22-ABA5-D445212C48D8}.DLL ASM Release|Win32.ActiveCfg = Release|Win32
		{3FCA2B3B-237F-4A22-ABA5-D445212C48D8}.DLL ASM Release|Win32.Build.0 = Release|Win32
		{3FCA2B3B-237F-4A22-ABA5-D445212C48D8}.DLL ASM Release|x64.ActiveCfg = Release|Win32
		{3FCA2B3B-237F-4A22-ABA5-D445212C48D8}.DLL Debug|Pocket PC 2003 (ARMV4).ActiveCfg = Debug|Win32
		{3FCA2B3B-237F-4A22-ABA5-D445212C48D8}.DLL Debug|Win32.ActiveCfg = Debug|Win32
		{3FCA2B3B-237F-4A22-ABA5-D445212C48D8}.DLL Debug|Win32.Build.0 = Debug|Win32
		{3FCA2B3B-237F-4A22-ABA5-D445212C48D8}.DLL Debug|x64.ActiveCfg = Debug|Win32
		{3FCA2B3B-237F-4A22-ABA5-D445212C48D8}.DLL Release|Pocket PC 2003 (ARMV4).ActiveCfg = Release|Win32
		{3FCA2B3B-237F-4A22-ABA5-D445212C48D8}.DLL Release|Win32.ActiveCfg = Release|Win32
		{3FCA2B3B-237F-4A22-ABA5-D445212C48D8}.DLL Release|Win32.Build.0 = Release|Win32
		{3FCA2B3B-237F-4A22-ABA5-D445212C48D8}.DLL Release|x64.ActiveCfg = Release|Win32
		{3FCA2B3B-237F-4A22-ABA5-D445212C48D8}.LIB ASM Debug|Pocket PC 2003 (ARMV4).ActiveCfg = Debug|Win32
		{3FCA2B3B-237F-4A22-ABA5-D445212C48D8}.LIB ASM Debug|Win32.ActiveCfg = Debug|Win32
		{3FCA2B3B-237F-4A22-ABA5-D445212C48D8}.LIB ASM Debug|Win32.Build.0 = Debug|Win32
		{3FCA2B3B-237F-4A22-ABA5-D445212C48D8}.LIB ASM Debug|x64.ActiveCfg = Debug|Win32
		{3FCA2B3B-237F-4A22-ABA5-D445212C48D8}.LIB ASM Release|Pocket PC 2003 (ARMV4).ActiveCfg = Release|Win32
		{3FCA2B3B-237F-4A22-ABA5-D445212C48D8}.LIB ASM Release|Win32.ActiveCfg = Release|Win32
		{3FCA2B3B-237F-4A22-ABA5-D445212C48D8}.LIB ASM Release|Win32.Build.0 = Release|Win32
		{3FCA2B3B-237F-4A22-ABA5-D445212C48D8}.LIB ASM Release|x64.ActiveCfg = Release|Win32
		{3FCA2B3B-237F-4A22-ABA5-D445212C48D8}.LIB Debug|Pocket PC 2003 (ARMV4).ActiveCfg = Debug|Win32
		{3FCA2B3B-237F-4A22-ABA5-D445212C48D8}.LIB Debug|Win32.ActiveCfg = Debug|Win32
		{3FCA2B3B-237F-4A22-ABA5-D445212C48D8}.LIB Debug|Win32.Build.0 = Debug|Win32
		{3FCA2B3B-237F-4A22-ABA5-D445212C48D8}.LIB Debug|x64.ActiveCfg = Debug|Win32
		{3FCA2B3B-237F-4A22-ABA5-D445212C48D8}.LIB Release|Pocket PC 2003 (ARMV4).ActiveCfg = Release|Win32
		{3FCA2B3B-237F-4A22-ABA5-D445212C48D8}.LIB Release|Win32.ActiveCfg = Release|Win32
		{3FCA2B3B-237F-4A22-ABA5-D445212C48D8}.LIB Release|Win32.Build.0 = Release|Win32
		{3FCA2B3B-237F-4A22-ABA5-D445212C48D8}.LIB Release|x64.ActiveCfg = Release|Win32
		{3FCA2B3B-237F-4A22-ABA5-D445212C48D8}.MinSizeRel|Pocket PC 2003 (ARMV4).ActiveCfg = Release|Win32
		{3FCA2B3B-237F-4A22-ABA5-D445212C48D8}.MinSizeRel|Win32.ActiveCfg = Release|Win32
		{3FCA2B3B-237F-4A22-ABA5-D445212C48D8}.MinSizeRel|x64.ActiveCfg = Release|Win32
		{3FCA2B3B-237F-4A22-ABA5-D445212C48D8}.Presentation|Pocket PC 2003 (ARMV4).ActiveCfg = Release|Win32
		{3FCA2B3B-237F-4A22-ABA5-D445212C48D8}.Presentation|Win32.ActiveCfg = Release|Win32
		{3FCA2B3B-237F-4A22-ABA5-D445212C48D8}.Presentation|Win32.Build.0 = Release|Win32
		{3FCA2B3B-237F-4A22-ABA5-D445212C48D8}.Presentation|x64.ActiveCfg = Release|Win32
		{3FCA2B3B-237F-4A22-ABA5-D445212C48D8}.Release|Pocket PC 2003 (ARMV4).ActiveCfg = Release|Win32
		{3FCA2B3B-237F-4A22-ABA5-D445212C48D8}.Release|Win32.ActiveCfg = Release|Win32
		{3FCA2B3B-237F-4A22-ABA5-D445212C48D8}.Release|Win32.Build.0 = Release|Win32
		{3FCA2B3B-237F-4A22-ABA5-D445212C48D8}.Release|x64.ActiveCfg = Release|Win32
		{3FCA2B3B-237F-4A22-ABA5-D445212C48D8}.ReleaseDbg|Pocket PC 2003 (ARMV4).ActiveCfg = Release|Win32
		{3FCA2B3B-237F-4A22-ABA5-D445212C48D8}.ReleaseDbg|Win32.ActiveCfg = Release|Win32
		{3FCA2B3B-237F-4A22-ABA5-D445212C48D8}.ReleaseDbg|x64.ActiveCfg = Release|Win32
		{3FCA2B3B-237F-4A22-ABA5-D445212C48D8}.RelWithDebInfo|Pocket PC 2003 (ARMV4).ActiveCfg = Release|Win32
		{3FCA2B3B-237F-4A22-ABA5-D445212C48D8}.RelWithDebInfo|Win32.ActiveCfg = Release|Win32
		{3FCA2B3B-237F-4A22-ABA5-D445212C48D8}.RelWithDebInfo|x64.ActiveCfg = Release|Win32
		{1458EE2F-3971-4860-8A4F-575B19879B23}.Debug|Pocket PC 2003 (ARMV4).ActiveCfg = Debug|Win32
		{1458EE2F-3971-4860-8A4F-575B19879B23}.Debug|Win32.ActiveCfg = Debug|Win32
		{1458EE2F-3971-4860-8A4F-575B19879B23}.Debug|Win32.Build.0 = Debug|Win32
		{1458EE2F-3971-4860-8A4F-575B19879B23}.Debug|x64.ActiveCfg = Debug|Win32
		{1458EE2F-3971-4860-8A4F-575B19879B23}.Debug64|Pocket PC 2003 (ARMV4).ActiveCfg = Debug|Win32
		{1458EE2F-3971-4860-8A4F-575B19879B23}.Debug64|Win32.ActiveCfg = Debug|Win32
		{1458EE2F-3971-4860-8A4F-575B19879B23}.Debug64|Win32.Build.0 = Debug|Win32
		{1458EE2F-3971-4860-8A4F-575B19879B23}.Debug64|x64.ActiveCfg = Debug|Win32
		{1458EE2F-3971-4860-8A4F-575B19879B23}.DLL ASM Debug|Pocket PC 2003 (ARMV4).ActiveCfg = Debug|Win32
		{1458EE2F-3971-4860-8A4F-575B19879B23}.DLL ASM Debug|Win32.ActiveCfg = Debug|Win32
		{1458EE2F-3971-4860-8A4F-575B19879B23}.DLL ASM Debug|Win32.Build.0 = Debug|Win32
		{1458EE2F-3971-4860-8A4F-575B19879B23}.DLL ASM Debug|x64.ActiveCfg = Debug|Win32
		{1458EE2F-3971-4860-8A4F-575B19879B23}.DLL ASM Release|Pocket PC 2003 (ARMV4).ActiveCfg = Release|Win32
		{1458EE2F-3971-4860-8A4F-575B19879B23}.DLL ASM Release|Win32.ActiveCfg = Release|Win32
		{1458EE2F-3971-4860-8A4F-575B19879B23}.DLL ASM Release|Win32.Build.0 = Release|Win32
		{1458EE2F-3971-4860-8A4F-575B19879B23}.DLL ASM Release|x64.ActiveCfg = Release|Win32
		{1458EE2F-3971-4860-8A4F-575B19879B23}.DLL Debug|Pocket PC 2003 (ARMV4).ActiveCfg = Debug|Win32
		{1458EE2F-3971-4860-8A4F-575B19879B23}.DLL Debug|Win32.ActiveCfg = Debug|Win32
		{1458EE2F-3971-4860-8A4F-575B19879B23}.DLL Debug|Win32.Build.0 = Debug|Win32
		{1458EE2F-3971-4860-8A4F-575B19879B23}.DLL Debug|x64.ActiveCfg = Debug|Win32
		{1458EE2F-3971-4860-8A4F-575B19879B23}.DLL Release|Pocket PC 2003 (ARMV4).ActiveCfg = Release|Win32
		{1458EE2F-3971-4860-8A4F-575B19879B23}.DLL Release|Win32.ActiveCfg = Release|Win32
		{1458EE2F-3971-4860-8A4F-575B19879B23}.DLL Release|Win32.Build.0 = Release|Win32
		{1458EE2F-3971-4860-8A4F-575B19879B23}.DLL Release|x64.ActiveCfg = Release|Win32
		{1458EE2F-3971-4860-8A4F-575B19879B23}.LIB ASM Debug|Pocket PC 2003 (ARMV4).ActiveCfg = Debug|Win32
		{1458EE2F-3971-4860-8A4F-575B19879B23}.LIB ASM Debug|Win32.ActiveCfg = Debug|Win32
		{1458EE2F-3971-4860-8A4F-575B19879B23}.LIB ASM Debug|Win32.Build.0 = Debug|Win32
		{1458EE2F-3971-4860-8A4F-575B19879B23}.LIB ASM Debug|x64.ActiveCfg = Debug|Win32
		{1458EE2F-3971-4860-8A4F-575B19879B23}.LIB ASM Release|Pocket PC 2003 (ARMV4).ActiveCfg = Release|Win32
		{1458EE2F-3971-4860-8A4F-575B19879B23}.LIB ASM Release|Win32.ActiveCfg = Release|Win32
		{1458EE2F-3971-4860-8A4F-575B19879B23}.LIB ASM Release|Win32.Build.0 = Release|Win32
		{1458EE2F-3971-4860-8A4F-575B19879B23}.LIB ASM Release|x64.ActiveCfg = Release|Win32
		{1458EE2F-3971-4860-8A4F-575B19879B23}.LIB Debug|Pocket PC 2003 (ARMV4).ActiveCfg = Debug|Win32
		{1458EE2F-3971-4860-8A4F-575B19879B23}.LIB Debug|Win32.ActiveCfg = Debug|Win32
		{1458EE2F-3971-4860-8A4F-575B19879B23}.LIB Debug|Win32.Build.0 = Debug|Win32
		{1458EE2F-3971-4860-8A4F-575B19879B23}.LIB Debug|x64.ActiveCfg = Debug|Win32
		{1458EE2F-3971-4860-8A4F-575B19879B23}.LIB Release|Pocket PC 2003 (ARMV4).ActiveCfg = Release|Win32
		{1458EE2F-3971-4860-8A4F-575B19879B23}.LIB Release|Win32.ActiveCfg = Release|Win32
		{1458EE2F-3971-4860-8A4F-575B19879B23}.LIB Release|Win32.Build.0 = Release|Win32
		{1458EE2F-3971-4860-8A4F-575B19879B23}.LIB Release|x64.ActiveCfg = Release|Win32
		{1458EE2F-3971-4860-8A4F-575B19879B23}.MinSizeRel|Pocket PC 2003 (ARMV4).ActiveCfg = Release|Win32
		{1458EE2F-3971-4860-8A4F-575B19879B23}.MinSizeRel|Win32.ActiveCfg = Release|Win32
		{1458EE2F-3971-4860-8A4F-575B19879B23}.MinSizeRel|x64.ActiveCfg = Release|Win32
		{1458EE2F-3971-4860-8A4F-575B19879B23}.Presentation|Pocket PC 2003 (ARMV4).ActiveCfg = Release|Win32
		{1458EE2F-3971-4860-8A4F-575B19879B23}.Presentation|Win32.ActiveCfg = Release|Win32
		{1458EE2F-3971-4860-8A4F-575B19879B23}.Presentation|Win32.Build.0 = Release|Win32
		{1458EE2F-3971-4860-8A4F-575B19879B23}.Presentation|x64.ActiveCfg = Release|Win32
		{1458EE2F-3971-4860-8A4F-575B19879B23}.Release|Pocket PC 2003 (ARMV4).ActiveCfg = Release|Win32
		{1458EE2F-3971-4860-8A4F-575B19879B23}.Release|Win32.ActiveCfg = Release|Win32
		{1458EE2F-3971-4860-8A4F-575B19879B23}.Release|Win32.Build.0 = Release|Win32
		{1458EE2F-3971-4860-8A4F-575B19879B23}.Release|x64.ActiveCfg = Release|Win32
		{1458EE2F-3971-4860-8A4F-575B19879B23}.ReleaseDbg|Pocket PC 2003 (ARMV4).ActiveCfg = Release|Win32
		{1458EE2F-3971-4860-8A4F-575B19879B23}.ReleaseDbg|Win32.ActiveCfg = Release|Win32
		{1458EE2F-3971-4860-8A4F-575B19879B23}.ReleaseDbg|Win32.Build.0 = Release|Win32
		{1458EE2F-3971-4860-8A4F-575B19879B23}.ReleaseDbg|x64.ActiveCfg = Release|Win32
		{1458EE2F-3971-4860-8A4F-575B19879B23}.RelWithDebInfo|Pocket PC 2003 (ARMV4).ActiveCfg = Release|Win32
		{1458EE2F-3971-4860-8A4F-575B19879B23}.RelWithDebInfo|Win32.ActiveCfg = Release|Win32
		{1458EE2F-3971-4860-8A4F-575B19879B23}.RelWithDebInfo|x64.ActiveCfg = Release|Win32
		{0DDFEA5A-F040-470F-A078-F0872425F0D8}.Debug|Pocket PC 2003 (ARMV4).ActiveCfg = Debug|Win32
		{0DDFEA5A-F040-470F-A078-F0872425F0D8}.Debug|Win32.ActiveCfg = Debug|Win32
		{0DDFEA5A-F040-470F-A078-F0872425F0D8}.Debug|Win32.Build.0 = Debug|Win32
		{0DDFEA5A-F040-470F-A078-F0872425F0D8}.Debug|x64.ActiveCfg = Debug|Win32
		{0DDFEA5A-F040-470F-A078-F0872425F0D8}.Debug64|Pocket PC 2003 (ARMV4).ActiveCfg = Debug|Win32
		{0DDFEA5A-F040-470F-A078-F0872425F0D8}.Debug64|Win32.ActiveCfg = Debug|Win32
		{0DDFEA5A-F040-470F-A078-F0872425F0D8}.Debug64|Win32.Build.0 = Debug|Win32
		{0DDFEA5A-F040-470F-A078-F0872425F0D8}.Debug64|x64.ActiveCfg = Debug|Win32
		{0DDFEA5A-F040-470F-A078-F0872425F0D8}.DLL ASM Debug|Pocket PC 2003 (ARMV4).ActiveCfg = Debug|Win32
		{0DDFEA5A-F040-470F-A078-F0872425F0D8}.DLL ASM Debug|Win32.ActiveCfg = Debug|Win32
		{0DDFEA5A-F040-470F-A078-F0872425F0D8}.DLL ASM Debug|Win32.Build.0 = Debug|Win32
		{0DDFEA5A-F040-470F-A078-F0872425F0D8}.DLL ASM Debug|x64.ActiveCfg = Debug|Win32
		{0DDFEA5A-F040-470F-A078-F0872425F0D8}.DLL ASM Release|Pocket PC 2003 (ARMV4).ActiveCfg = Release|Win32
		{0DDFEA5A-F040-470F-A078-F0872425F0D8}.DLL ASM Release|Win32.ActiveCfg = Release|Win32
		{0DDFEA5A-F040-470F-A078-F0872425F0D8}.DLL ASM Release|Win32.Build.0 = Release|Win32
		{0DDFEA5A-F040-470F-A078-F0872425F0D8}.DLL ASM Release|x64.ActiveCfg = Release|Win32
		{0DDFEA5A-F040-470F-A078-F0872425F0D8}.DLL Debug|Pocket PC 2003 (ARMV4).ActiveCfg = Debug|Win32
		{0DDFEA5A-F040-470F-A078-F0872425F0D8}.DLL Debug|Win32.ActiveCfg = Debug|Win32
		{0DDFEA5A-F040-470F-A078-F0872425F0D8}.DLL Debug|Win32.Build.0 = Debug|Win32
		{0DDFEA5A-F040-470F-A078-F0872425F0D8}.DLL Debug|x64.ActiveCfg = Debug|Win32
		{0DDFEA5A-F040-470F-A078-F0872425F0D8}.DLL Release|Pocket PC 2003 (ARMV4).ActiveCfg = Release|Win32
		{0DDFEA5A-F040-470F-A078-F0872425F0D8}.DLL Release|Win32.ActiveCfg = Release|Win32
		{0DDFEA5A-F040-470F-A078-F0872425F0D8}.DLL Release|Win32.Build.0 = Release|Win32
		{0DDFEA5A-F040-470F-A078-F0872425F0D8}.DLL Release|x64.ActiveCfg = Release|Win32
		{0DDFEA5A-F040-470F-A078-F0872425F0D8}.LIB ASM Debug|Pocket PC 2003 (ARMV4).ActiveCfg = Debug|Win32
		{0DDFEA5A-F040-470F-A078-F0872425F0D8}.LIB ASM Debug|Win32.ActiveCfg = Debug|Win32
		{0DDFEA5A-F040-470F-A078-F0872425F0D8}.LIB ASM Debug|Win32.Build.0 = Debug|Win32
		{0DDFEA5A-F040-470F-A078-F0872425F0D8}.LIB ASM Debug|x64.ActiveCfg = Debug|Win32
		{0DDFEA5A-F040-470F-A078-F0872425F0D8}.LIB ASM Release|Pocket PC 2003 (ARMV4).ActiveCfg = Release|Win32
		{0DDFEA5A-F040-470F-A078-F0872425F0D8}.LIB ASM Release|Win32.ActiveCfg = Release|Win32
		{0DDFEA5A-F040-470F-A078-F0872425F0D8}.LIB ASM Release|Win32.Build.0 = Release|Win32
		{0DDFEA5A-F040-470F-A078-F0872425F0D8}.LIB ASM Release|x64.ActiveCfg = Release|Win32
		{0DDFEA5A-F040-470F-A078-F0872425F0D8}.LIB Debug|Pocket PC 2003 (ARMV4).ActiveCfg = Debug|Win32
		{0DDFEA5A-F040-470F-A078-F0872425F0D8}.LIB Debug|Win32.ActiveCfg = Debug|Win32
		{0DDFEA5A-F040-470F-A078-F0872425F0D8}.LIB Debug|Win32.Build.0 = Debug|Win32
		{0DDFEA5A-F040-470F-A078-F0872425F0D8}.LIB Debug|x64.ActiveCfg = Debug|Win32
		{0DDFEA5A-F040-470F-A078-F0872425F0D8}.LIB Release|Pocket PC 2003 (ARMV4).ActiveCfg = Release|Win32
		{0DDFEA5A-F040-470F-A078-F0872425F0D8}.LIB Release|Win32.ActiveCfg = Release|Win32
		{0DDFEA5A-F040-470F-A078-F0872425F0D8}.LIB Release|Win32.Build.0 = Release|Win32
		{0DDFEA5A-F040-470F-A078-F0872425F0D8}.LIB Release|x64.ActiveCfg = Release|Win32
		{0DDFEA5A-F040-470F-A078-F0872425F0D8}.MinSizeRel|Pocket PC 2003 (ARMV4).ActiveCfg = Release|Win32
		{0DDFEA5A-F040-470F-A078-F0872425F0D8}.MinSizeRel|Win32.ActiveCfg = Release|Win32
		{0DDFEA5A-F040-470F-A078-F0872425F0D8}.MinSizeRel|x64.ActiveCfg = Release|Win32
		{0DDFEA5A-F040-470F-A078-F0872425F0D8}.Presentation|Pocket PC 2003 (ARMV4).ActiveCfg = Release|Win32
		{0DDFEA5A-F040-470F-A078-F0872425F0D8}.Presentation|Win32.ActiveCfg = Release|Win32
		{0DDFEA5A-F040-470F-A078-F0872425F0D8}.Presentation|Win32.Build.0 = Release|Win32
		{0DDFEA5A-F040-470F-A078-F0872425F0D8}.Presentation|x64.ActiveCfg = Release|Win32
		{0DDFEA5A-F040-470F-A078-F0872425F0D8}.Release|Pocket PC 2003 (ARMV4).ActiveCfg = Release|Win32
		{0DDFEA5A-F040-470F-A078-F0872425F0D8}.Release|Win32.ActiveCfg = Release|Win32
		{0DDFEA5A-F040-470F-A078-F0872425F0D8}.Release|Win32.Build.0 = Release|Win32
		{0DDFEA5A-F040-470F-A078-F0872425F0D8}.Release|x64.ActiveCfg = Release|Win32
		{0DDFEA5A-F040-470F-A078-F0872425F0D8}.ReleaseDbg|Pocket PC 2003 (ARMV4).ActiveCfg = Release|Win32
		{0DDFEA5A-F040-470F-A078-F0872425F0D8}.ReleaseDbg|Win32.ActiveCfg = Release|Win32
		{0DDFEA5A-F040-470F-A078-F0872425F0D8}.ReleaseDbg|Win32.Build.0 = Release|Win32
		{0DDFEA5A-F040-470F-A078-F0872425F0D8}.ReleaseDbg|x64.ActiveCfg = Release|Win32
		{0DDFEA5A-F040-470F-A078-F0872425F0D8}.RelWithDebInfo|Pocket PC 2003 (ARMV4).ActiveCfg = Release|Win32
		{0DDFEA5A-F040-470F-A078-F0872425F0D8}.RelWithDebInfo|Win32.ActiveCfg = Release|Win32
		{0DDFEA5A-F040-470F-A078-F0872425F0D8}.RelWithDebInfo|x64.ActiveCfg = Release|Win32
		{8B63871C-23A2-49E4-8081-23703BD66E9A}.Debug|Pocket PC 2003 (ARMV4).ActiveCfg = Debug|Win32
		{8B63871C-23A2-49E4-8081-23703BD66E9A}.Debug|Win32.ActiveCfg = Debug|Win32
		{8B63871C-23A2-49E4-8081-23703BD66E9A}.Debug|Win32.Build.0 = Debug|Win32
		{8B63871C-23A2-49E4-8081-23703BD66E9A}.Debug|x64.ActiveCfg = Debug|x64
		{8B63871C-23A2-49E4-8081-23703BD66E9A}.Debug|x64.Build.0 = Debug|x64
		{8B63871C-23A2-49E4-8081-23703BD66E9A}.Debug64|Pocket PC 2003 (ARMV4).ActiveCfg = Debug|Win32
		{8B63871C-23A2-49E4-8081-23703BD66E9A}.Debug64|Win32.ActiveCfg = Debug|Win32
		{8B63871C-23A2-49E4-8081-23703BD66E9A}.Debug64|Win32.Build.0 = Debug|Win32
		{8B63871C-23A2-49E4-8081-23703BD66E9A}.Debug64|x64.ActiveCfg = Debug|Win32
		{8B63871C-23A2-49E4-8081-23703BD66E9A}.DLL ASM Debug|Pocket PC 2003 (ARMV4).ActiveCfg = Debug|Win32
		{8B63871C-23A2-49E4-8081-23703BD66E9A}.DLL ASM Debug|Win32.ActiveCfg = Debug|Win32
		{8B63871C-23A2-49E4-8081-23703BD66E9A}.DLL ASM Debug|Win32.Build.0 = Debug|Win32
		{8B63871C-23A2-49E4-8081-23703BD66E9A}.DLL ASM Debug|x64.ActiveCfg = Debug|Win32
		{8B63871C-23A2-49E4-8081-23703BD66E9A}.DLL ASM Release|Pocket PC 2003 (ARMV4).ActiveCfg = Release|Win32
		{8B63871C-23A2-49E4-8081-23703BD66E9A}.DLL ASM Release|Win32.ActiveCfg = Release|Win32
		{8B63871C-23A2-49E4-8081-23703BD66E9A}.DLL ASM Release|Win32.Build.0 = Release|Win32
		{8B63871C-23A2-49E4-8081-23703BD66E9A}.DLL ASM Release|x64.ActiveCfg = Release|Win32
		{8B63871C-23A2-49E4-8081-23703BD66E9A}.DLL Debug|Pocket PC 2003 (ARMV4).ActiveCfg = Debug|Win32
		{8B63871C-23A2-49E4-8081-23703BD66E9A}.DLL Debug|Win32.ActiveCfg = Debug|Win32
		{8B63871C-23A2-49E4-8081-23703BD66E9A}.DLL Debug|Win32.Build.0 = Debug|Win32
		{8B63871C-23A2-49E4-8081-23703BD66E9A}.DLL Debug|x64.ActiveCfg = Debug|Win32
		{8B63871C-23A2-49E4-8081-23703BD66E9A}.DLL Release|Pocket PC 2003 (ARMV4).ActiveCfg = Release|Win32
		{8B63871C-23A2-49E4-8081-23703BD66E9A}.DLL Release|Win32.ActiveCfg = Release|Win32
		{8B63871C-23A2-49E4-8081-23703BD66E9A}.DLL Release|Win32.Build.0 = Release|Win32
		{8B63871C-23A2-49E4-8081-23703BD66E9A}.DLL Release|x64.ActiveCfg = Release|Win32
		{8B63871C-23A2-49E4-8081-23703BD66E9A}.LIB ASM Debug|Pocket PC 2003 (ARMV4).ActiveCfg = Debug|Win32
		{8B63871C-23A2-49E4-8081-23703BD66E9A}.LIB ASM Debug|Win32.ActiveCfg = Debug|Win32
		{8B63871C-23A2-49E4-8081-23703BD66E9A}.LIB ASM Debug|Win32.Build.0 = Debug|Win32
		{8B63871C-23A2-49E4-8081-23703BD66E9A}.LIB ASM Debug|x64.ActiveCfg = Debug|Win32
		{8B63871C-23A2-49E4-8081-23703BD66E9A}.LIB ASM Release|Pocket PC 2003 (ARMV4).ActiveCfg = Release|Win32
		{8B63871C-23A2-49E4-8081-23703BD66E9A}.LIB ASM Release|Win32.ActiveCfg = Release|Win32
		{8B63871C-23A2-49E4-8081-23703BD66E9A}.LIB ASM Release|Win32.Build.0 = Release|Win32
		{8B63871C-23A2-49E4-8081-23703BD66E9A}.LIB ASM Release|x64.ActiveCfg = Release|Win32
		{8B63871C-23A2-49E4-8081-23703BD66E9A}.LIB Debug|Pocket PC 2003 (ARMV4).ActiveCfg = Debug|Win32
		{8B63871C-23A2-49E4-8081-23703BD66E9A}.LIB Debug|Win32.ActiveCfg = Debug|Win32
		{8B63871C-23A2-49E4-8081-23703BD66E9A}.LIB Debug|Win32.Build.0 = Debug|Win32
		{8B63871C-23A2-49E4-8081-23703BD66E9A}.LIB Debug|x64.ActiveCfg = Debug|Win32
		{8B63871C-23A2-49E4-8081-23703BD66E9A}.LIB Release|Pocket PC 2003 (ARMV4).ActiveCfg = Release|Win32
		{8B63871C-23A2-49E4-8081-23703BD66E9A}.LIB Release|Win32.ActiveCfg = Release|Win32
		{8B63871C-23A2-49E4-8081-23703BD66E9A}.LIB Release|Win32.Build.0 = Release|Win32
		{8B63871C-23A2-49E4-8081-23703BD66E9A}.LIB Release|x64.ActiveCfg = Release|Win32
		{8B63871C-23A2-49E4-8081-23703BD66E9A}.MinSizeRel|Pocket PC 2003 (ARMV4).ActiveCfg = Release|x64
		{8B63871C-23A2-49E4-8081-23703BD66E9A}.MinSizeRel|Win32.ActiveCfg = Release|x64
		{8B63871C-23A2-49E4-8081-23703BD66E9A}.MinSizeRel|x64.ActiveCfg = Release|x64
		{8B63871C-23A2-49E4-8081-23703BD66E9A}.MinSizeRel|x64.Build.0 = Release|x64
		{8B63871C-23A2-49E4-8081-23703BD66E9A}.Presentation|Pocket PC 2003 (ARMV4).ActiveCfg = Release|Win32
		{8B63871C-23A2-49E4-8081-23703BD66E9A}.Presentation|Win32.ActiveCfg = Release|Win32
		{8B63871C-23A2-49E4-8081-23703BD66E9A}.Presentation|Win32.Build.0 = Release|Win32
		{8B63871C-23A2-49E4-8081-23703BD66E9A}.Presentation|x64.ActiveCfg = Release|Win32
		{8B63871C-23A2-49E4-8081-23703BD66E9A}.Release|Pocket PC 2003 (ARMV4).ActiveCfg = Release|Win32
		{8B63871C-23A2-49E4-8081-23703BD66E9A}.Release|Win32.ActiveCfg = Release|Win32
		{8B63871C-23A2-49E4-8081-23703BD66E9A}.Release|Win32.Build.0 = Release|Win32
		{8B63871C-23A2-49E4-8081-23703BD66E9A}.Release|x64.ActiveCfg = Release|x64
		{8B63871C-23A2-49E4-8081-23703BD66E9A}.Release|x64.Build.0 = Release|x64
		{8B63871C-23A2-49E4-8081-23703BD66E9A}.ReleaseDbg|Pocket PC 2003 (ARMV4).ActiveCfg = Release|Win32
		{8B63871C-23A2-49E4-8081-23703BD66E9A}.ReleaseDbg|Win32.ActiveCfg = Release|Win32
		{8B63871C-23A2-49E4-8081-23703BD66E9A}.ReleaseDbg|Win32.Build.0 = Release|Win32
		{8B63871C-23A2-49E4-8081-23703BD66E9A}.ReleaseDbg|x64.ActiveCfg = Release|Win32
		{8B63871C-23A2-49E4-8081-23703BD66E9A}.RelWithDebInfo|Pocket PC 2003 (ARMV4).ActiveCfg = Release|x64
		{8B63871C-23A2-49E4-8081-23703BD66E9A}.RelWithDebInfo|Win32.ActiveCfg = Release|x64
		{8B63871C-23A2-49E4-8081-23703BD66E9A}.RelWithDebInfo|x64.ActiveCfg = Release|x64
		{8B63871C-23A2-49E4-8081-23703BD66E9A}.RelWithDebInfo|x64.Build.0 = Release|x64
		{F3DF6D79-9340-4233-AFAD-BD9E023E5C25}.Debug|Pocket PC 2003 (ARMV4).ActiveCfg = Debug|x64
		{F3DF6D79-9340-4233-AFAD-BD9E023E5C25}.Debug|Win32.ActiveCfg = Debug|Win32
		{F3DF6D79-9340-4233-AFAD-BD9E023E5C25}.Debug|Win32.Build.0 = Debug|Win32
		{F3DF6D79-9340-4233-AFAD-BD9E023E5C25}.Debug|x64.ActiveCfg = Debug|x64
		{F3DF6D79-9340-4233-AFAD-BD9E023E5C25}.Debug|x64.Build.0 = Debug|x64
		{F3DF6D79-9340-4233-AFAD-BD9E023E5C25}.Debug64|Pocket PC 2003 (ARMV4).ActiveCfg = Debug|x64
		{F3DF6D79-9340-4233-AFAD-BD9E023E5C25}.Debug64|Win32.ActiveCfg = Debug|x64
		{F3DF6D79-9340-4233-AFAD-BD9E023E5C25}.Debug64|x64.ActiveCfg = Debug|x64
		{F3DF6D79-9340-4233-AFAD-BD9E023E5C25}.Debug64|x64.Build.0 = Debug|x64
		{F3DF6D79-9340-4233-AFAD-BD9E023E5C25}.DLL ASM Debug|Pocket PC 2003 (ARMV4).ActiveCfg = Debug|x64
		{F3DF6D79-9340-4233-AFAD-BD9E023E5C25}.DLL ASM Debug|Win32.ActiveCfg = Debug|Win32
		{F3DF6D79-9340-4233-AFAD-BD9E023E5C25}.DLL ASM Debug|Win32.Build.0 = Debug|Win32
		{F3DF6D79-9340-4233-AFAD-BD9E023E5C25}.DLL ASM Debug|x64.ActiveCfg = Debug|x64
		{F3DF6D79-9340-4233-AFAD-BD9E023E5C25}.DLL ASM Debug|x64.Build.0 = Debug|x64
		{F3DF6D79-9340-4233-AFAD-BD9E023E5C25}.DLL ASM Release|Pocket PC 2003 (ARMV4).ActiveCfg = Release|x64
		{F3DF6D79-9340-4233-AFAD-BD9E023E5C25}.DLL ASM Release|Win32.ActiveCfg = Release|Win32
		{F3DF6D79-9340-4233-AFAD-BD9E023E5C25}.DLL ASM Release|Win32.Build.0 = Release|Win32
		{F3DF6D79-9340-4233-AFAD-BD9E023E5C25}.DLL ASM Release|x64.ActiveCfg = Release|x64
		{F3DF6D79-9340-4233-AFAD-BD9E023E5C25}.DLL ASM Release|x64.Build.0 = Release|x64
		{F3DF6D79-9340-4233-AFAD-BD9E023E5C25}.DLL Debug|Pocket PC 2003 (ARMV4).ActiveCfg = Debug|x64
		{F3DF6D79-9340-4233-AFAD-BD9E023E5C25}.DLL Debug|Win32.ActiveCfg = Debug|Win32
		{F3DF6D79-9340-4233-AFAD-BD9E023E5C25}.DLL Debug|Win32.Build.0 = Debug|Win32
		{F3DF6D79-9340-4233-AFAD-BD9E023E5C25}.DLL Debug|x64.ActiveCfg = Debug|x64
		{F3DF6D79-9340-4233-AFAD-BD9E023E5C25}.DLL Debug|x64.Build.0 = Debug|x64
		{F3DF6D79-9340-4233-AFAD-BD9E023E5C25}.DLL Release|Pocket PC 2003 (ARMV4).ActiveCfg = Release|x64
		{F3DF6D79-9340-4233-AFAD-BD9E023E5C25}.DLL Release|Win32.ActiveCfg = Release|Win32
		{F3DF6D79-9340-4233-AFAD-BD9E023E5C25}.DLL Release|Win32.Build.0 = Release|Win32
		{F3DF6D79-9340-4233-AFAD-BD9E023E5C25}.DLL Release|x64.ActiveCfg = Release|x64
		{F3DF6D79-9340-4233-AFAD-BD9E023E5C25}.DLL Release|x64.Build.0 = Release|x64
		{F3DF6D79-9340-4233-AFAD-BD9E023E5C25}.LIB ASM Debug|Pocket PC 2003 (ARMV4).ActiveCfg = Debug|x64
		{F3DF6D79-9340-4233-AFAD-BD9E023E5C25}.LIB ASM Debug|Win32.ActiveCfg = Debug|Win32
		{F3DF6D79-9340-4233-AFAD-BD9E023E5C25}.LIB ASM Debug|Win32.Build.0 = Debug|Win32
		{F3DF6D79-9340-4233-AFAD-BD9E023E5C25}.LIB ASM Debug|x64.ActiveCfg = Debug|x64
		{F3DF6D79-9340-4233-AFAD-BD9E023E5C25}.LIB ASM Debug|x64.Build.0 = Debug|x64
		{F3DF6D79-9340-4233-AFAD-BD9E023E5C25}.LIB ASM Release|Pocket PC 2003 (ARMV4).ActiveCfg = Release|x64
		{F3DF6D79-9340-4233-AFAD-BD9E023E5C25}.LIB ASM Release|Win32.ActiveCfg = Release|Win32
		{F3DF6D79-9340-4233-AFAD-BD9E023E5C25}.LIB ASM Release|Win32.Build.0 = Release|Win32
		{F3DF6D79-9340-4233-AFAD-BD9E023E5C25}.LIB ASM Release|x64.ActiveCfg = Release|x64
		{F3DF6D79-9340-4233-AFAD-BD9E023E5C25}.LIB ASM Release|x64.Build.0 = Release|x64
		{F3DF6D79-9340-4233-AFAD-BD9E023E5C25}.LIB Debug|Pocket PC 2003 (ARMV4).ActiveCfg = Debug|x64
		{F3DF6D79-9340-4233-AFAD-BD9E023E5C25}.LIB Debug|Win32.ActiveCfg = Debug|Win32
		{F3DF6D79-9340-4233-AFAD-BD9E023E5C25}.LIB Debug|Win32.Build.0 = Debug|Win32
		{F3DF6D79-9340-4233-AFAD-BD9E023E5C25}.LIB Debug|x64.ActiveCfg = Debug|x64
		{F3DF6D79-9340-4233-AFAD-BD9E023E5C25}.LIB Debug|x64.Build.0 = Debug|x64
		{F3DF6D79-9340-4233-AFAD-BD9E023E5C25}.LIB Release|Pocket PC 2003 (ARMV4).ActiveCfg = Release|x64
		{F3DF6D79-9340-4233-AFAD-BD9E023E5C25}.LIB Release|Win32.ActiveCfg = Release|Win32
		{F3DF6D79-9340-4233-AFAD-BD9E023E5C25}.LIB Release|Win32.Build.0 = Release|Win32
		{F3DF6D79-9340-4233-AFAD-BD9E023E5C25}.LIB Release|x64.ActiveCfg = Release|x64
		{F3DF6D79-9340-4233-AFAD-BD9E023E5C25}.LIB Release|x64.Build.0 = Release|x64
		{F3DF6D79-9340-4233-AFAD-BD9E023E5C25}.MinSizeRel|Pocket PC 2003 (ARMV4).ActiveCfg = ReleaseDbg|x64
		{F3DF6D79-9340-4233-AFAD-BD9E023E5C25}.MinSizeRel|Win32.ActiveCfg = ReleaseDbg|x64
		{F3DF6D79-9340-4233-AFAD-BD9E023E5C25}.MinSizeRel|x64.ActiveCfg = ReleaseDbg|x64
		{F3DF6D79-9340-4233-AFAD-BD9E023E5C25}.MinSizeRel|x64.Build.0 = ReleaseDbg|x64
		{F3DF6D79-9340-4233-AFAD-BD9E023E5C25}.Presentation|Pocket PC 2003 (ARMV4).ActiveCfg = ReleaseDbg|x64
		{F3DF6D79-9340-4233-AFAD-BD9E023E5C25}.Presentation|Win32.ActiveCfg = ReleaseDbg|x64
		{F3DF6D79-9340-4233-AFAD-BD9E023E5C25}.Presentation|x64.ActiveCfg = ReleaseDbg|x64
		{F3DF6D79-9340-4233-AFAD-BD9E023E5C25}.Presentation|x64.Build.0 = ReleaseDbg|x64
		{F3DF6D79-9340-4233-AFAD-BD9E023E5C25}.Release|Pocket PC 2003 (ARMV4).ActiveCfg = Release|x64
		{F3DF6D79-9340-4233-AFAD-BD9E023E5C25}.Release|Win32.ActiveCfg = Release|Win32
		{F3DF6D79-9340-4233-AFAD-BD9E023E5C25}.Release|Win32.Build.0 = Release|Win32
		{F3DF6D79-9340-4233-AFAD-BD9E023E5C25}.Release|x64.ActiveCfg = Release|x64
		{F3DF6D79-9340-4233-AFAD-BD9E023E5C25}.Release|x64.Build.0 = Release|x64
		{F3DF6D79-9340-4233-AFAD-BD9E023E5C25}.ReleaseDbg|Pocket PC 2003 (ARMV4).ActiveCfg = ReleaseDbg|x64
		{F3DF6D79-9340-4233-AFAD-BD9E023E5C25}.ReleaseDbg|Win32.ActiveCfg = ReleaseDbg|Win32
		{F3DF6D79-9340-4233-AFAD-BD9E023E5C25}.ReleaseDbg|Win32.Build.0 = ReleaseDbg|Win32
		{F3DF6D79-9340-4233-AFAD-BD9E023E5C25}.ReleaseDbg|x64.ActiveCfg = ReleaseDbg|x64
		{F3DF6D79-9340-4233-AFAD-BD9E023E5C25}.ReleaseDbg|x64.Build.0 = ReleaseDbg|x64
		{F3DF6D79-9340-4233-AFAD-BD9E023E5C25}.RelWithDebInfo|Pocket PC 2003 (ARMV4).ActiveCfg = ReleaseDbg|x64
		{F3DF6D79-9340-4233-AFAD-BD9E023E5C25}.RelWithDebInfo|Win32.ActiveCfg = ReleaseDbg|x64
		{F3DF6D79-9340-4233-AFAD-BD9E023E5C25}.RelWithDebInfo|x64.ActiveCfg = ReleaseDbg|x64
		{F3DF6D79-9340-4233-AFAD-BD9E023E5C25}.RelWithDebInfo|x64.Build.0 = ReleaseDbg|x64
	EndGlobalSection
	GlobalSection(SolutionProperties) = preSolution
		HideSolutionNode = FALSE
	EndGlobalSection
EndGlobal
